// !$*UTF8*$!
{
	archiveVersion = 1;
	classes = {
	};
	objectVersion = 46;
	objects = {

/* Begin PBXBuildFile section */
		1D3623EC0D0F72F000981E51 /* CoreGraphics.framework in Frameworks */ = {isa = PBXBuildFile; fileRef = 1D3623EB0D0F72F000981E51 /* CoreGraphics.framework */; };
		1D60589B0D05DD56006BFB54 /* main.m in Sources */ = {isa = PBXBuildFile; fileRef = 29B97316FDCFA39411CA2CEA /* main.m */; };
		1D60589F0D05DD5A006BFB54 /* Foundation.framework in Frameworks */ = {isa = PBXBuildFile; fileRef = 1D30AB110D05D00D00671497 /* Foundation.framework */; };
		1DF5F4E00D08C38300B7A737 /* UIKit.framework in Frameworks */ = {isa = PBXBuildFile; fileRef = 1DF5F4DF0D08C38300B7A737 /* UIKit.framework */; };
		530FE5DB128337EC00678AD0 /* Icon-72.png in Resources */ = {isa = PBXBuildFile; fileRef = 530FE5D4128337EC00678AD0 /* Icon-72.png */; };
		530FE5DC128337EC00678AD0 /* Icon-Small-50.png in Resources */ = {isa = PBXBuildFile; fileRef = 530FE5D5128337EC00678AD0 /* Icon-Small-50.png */; };
		530FE5DD128337EC00678AD0 /* Icon-Small.png in Resources */ = {isa = PBXBuildFile; fileRef = 530FE5D6128337EC00678AD0 /* Icon-Small.png */; };
		530FE5DE128337EC00678AD0 /* Icon-Small@2x.png in Resources */ = {isa = PBXBuildFile; fileRef = 530FE5D7128337EC00678AD0 /* Icon-Small@2x.png */; };
		530FE5DF128337EC00678AD0 /* Icon.png in Resources */ = {isa = PBXBuildFile; fileRef = 530FE5D8128337EC00678AD0 /* Icon.png */; };
		530FE5E0128337EC00678AD0 /* Icon@2x.png in Resources */ = {isa = PBXBuildFile; fileRef = 530FE5D9128337EC00678AD0 /* Icon@2x.png */; };
		530FE5E1128337EC00678AD0 /* iTunesArtwork in Resources */ = {isa = PBXBuildFile; fileRef = 530FE5DA128337EC00678AD0 /* iTunesArtwork */; };
		5310DD060EA3EA7E00FC97E8 /* SubLevelViewController.m in Sources */ = {isa = PBXBuildFile; fileRef = 5310DD040EA3EA7E00FC97E8 /* SubLevelViewController.m */; };
		5331DEDC0FD5AAE500F2BF21 /* LandscapeView.xib in Resources */ = {isa = PBXBuildFile; fileRef = 5331DEDA0FD5AAE500F2BF21 /* LandscapeView.xib */; };
		5331DEED0FD5AB6B00F2BF21 /* LandscapeViewController.m in Sources */ = {isa = PBXBuildFile; fileRef = 5331DEEB0FD5AB6B00F2BF21 /* LandscapeViewController.m */; };
		5331DFAC0FD5B55500F2BF21 /* left.png in Resources */ = {isa = PBXBuildFile; fileRef = 5331DFAA0FD5B55500F2BF21 /* left.png */; };
		5331DFAD0FD5B55500F2BF21 /* left_pressed.png in Resources */ = {isa = PBXBuildFile; fileRef = 5331DFAB0FD5B55500F2BF21 /* left_pressed.png */; };
		5354B6290FD08B7E000597B3 /* iPod_shuffle.png in Resources */ = {isa = PBXBuildFile; fileRef = 5354B6220FD08B7E000597B3 /* iPod_shuffle.png */; };
		5354B62A0FD08B7E000597B3 /* iPod.png in Resources */ = {isa = PBXBuildFile; fileRef = 5354B6230FD08B7E000597B3 /* iPod.png */; };
		5354B62B0FD08B7E000597B3 /* iPod_touch.png in Resources */ = {isa = PBXBuildFile; fileRef = 5354B6240FD08B7E000597B3 /* iPod_touch.png */; };
		5354B62C0FD08B7E000597B3 /* tab3.png in Resources */ = {isa = PBXBuildFile; fileRef = 5354B6250FD08B7E000597B3 /* tab3.png */; };
		5354B62D0FD08B7E000597B3 /* iPod_nano.png in Resources */ = {isa = PBXBuildFile; fileRef = 5354B6260FD08B7E000597B3 /* iPod_nano.png */; };
		5354B62E0FD08B7E000597B3 /* tab1.png in Resources */ = {isa = PBXBuildFile; fileRef = 5354B6270FD08B7E000597B3 /* tab1.png */; };
		5354B62F0FD08B7E000597B3 /* tab2.png in Resources */ = {isa = PBXBuildFile; fileRef = 5354B6280FD08B7E000597B3 /* tab2.png */; };
		535839F610051D9A00D97F7B /* ModalViewController.xib in Resources */ = {isa = PBXBuildFile; fileRef = 535839F410051D9A00D97F7B /* ModalViewController.xib */; };
		535839FB10051E0F00D97F7B /* ModalViewController.m in Sources */ = {isa = PBXBuildFile; fileRef = 535839FA10051E0F00D97F7B /* ModalViewController.m */; };
		537383F1101E24B40023B560 /* FourViewController.xib in Resources */ = {isa = PBXBuildFile; fileRef = 537383EF101E24B40023B560 /* FourViewController.xib */; };
		53738411101E26960023B560 /* FourViewController.m in Sources */ = {isa = PBXBuildFile; fileRef = 53738410101E26960023B560 /* FourViewController.m */; };
		5373844D101E2CBE0023B560 /* tab4.png in Resources */ = {isa = PBXBuildFile; fileRef = 5373844C101E2CBE0023B560 /* tab4.png */; };
		5374702110238C2E008112B8 /* FeaturedViewController.m in Sources */ = {isa = PBXBuildFile; fileRef = 5374701F10238C2E008112B8 /* FeaturedViewController.m */; };
		5374702910238CB4008112B8 /* FavoritesViewController.m in Sources */ = {isa = PBXBuildFile; fileRef = 5374702710238CB4008112B8 /* FavoritesViewController.m */; };
		537829480DD161E300223F02 /* TwoViewController.m in Sources */ = {isa = PBXBuildFile; fileRef = 537829460DD161E300223F02 /* TwoViewController.m */; };
		5384C3EC0D63F6A3004318E5 /* AppDelegate.m in Sources */ = {isa = PBXBuildFile; fileRef = 5384C3EB0D63F6A3004318E5 /* AppDelegate.m */; };
		5384C3F10D63F6AC004318E5 /* OneViewController.m in Sources */ = {isa = PBXBuildFile; fileRef = 5384C3ED0D63F6AC004318E5 /* OneViewController.m */; };
		53DEEA500DB17ECC00B56347 /* ThreeViewController.m in Sources */ = {isa = PBXBuildFile; fileRef = 53DEEA4E0DB17ECC00B56347 /* ThreeViewController.m */; };
		53F798150DD143990039426E /* MainWindow.xib in Resources */ = {isa = PBXBuildFile; fileRef = 53F7980F0DD143990039426E /* MainWindow.xib */; };
		D0E6CCF313C780AC008F8E43 /* ReadMe.txt in Resources */ = {isa = PBXBuildFile; fileRef = D0E6CCF213C780AC008F8E43 /* ReadMe.txt */; };
		F9AF9BD8183FD1E700ABAE7F /* ICrawlerController.m in Sources */ = {isa = PBXBuildFile; fileRef = F9AF9BD7183FD1E700ABAE7F /* ICrawlerController.m */; };
		F9AF9BDB183FD1F900ABAE7F /* OutputComponent.m in Sources */ = {isa = PBXBuildFile; fileRef = F9AF9BDA183FD1F900ABAE7F /* OutputComponent.m */; };
		F9AF9BE2183FD20A00ABAE7F /* UINavigationBar+Additions.m in Sources */ = {isa = PBXBuildFile; fileRef = F9AF9BDD183FD20A00ABAE7F /* UINavigationBar+Additions.m */; };
		F9AF9BE3183FD20A00ABAE7F /* UINavigationController+Additions.m in Sources */ = {isa = PBXBuildFile; fileRef = F9AF9BDF183FD20A00ABAE7F /* UINavigationController+Additions.m */; };
		F9AF9BE4183FD20A00ABAE7F /* UIViewController+Additions.m in Sources */ = {isa = PBXBuildFile; fileRef = F9AF9BE1183FD20A00ABAE7F /* UIViewController+Additions.m */; };
		F9AF9BEE183FD21A00ABAE7F /* Globals.m in Sources */ = {isa = PBXBuildFile; fileRef = F9AF9BE6183FD21A00ABAE7F /* Globals.m */; };
		F9AF9BEF183FD21A00ABAE7F /* State.m in Sources */ = {isa = PBXBuildFile; fileRef = F9AF9BE9183FD21A00ABAE7F /* State.m */; };
		F9AF9BF0183FD21A00ABAE7F /* UIElement.m in Sources */ = {isa = PBXBuildFile; fileRef = F9AF9BEB183FD21A00ABAE7F /* UIElement.m */; };
		F9AF9BF1183FD21A00ABAE7F /* XMLNode.m in Sources */ = {isa = PBXBuildFile; fileRef = F9AF9BED183FD21A00ABAE7F /* XMLNode.m */; };
		F9AF9BF4183FD23100ABAE7F /* XMLWriter.m in Sources */ = {isa = PBXBuildFile; fileRef = F9AF9BF3183FD23100ABAE7F /* XMLWriter.m */; };
		F9AF9BFF183FD23F00ABAE7F /* CGGeometry-KIFAdditions.m in Sources */ = {isa = PBXBuildFile; fileRef = F9AF9BF6183FD23F00ABAE7F /* CGGeometry-KIFAdditions.m */; };
		F9AF9C00183FD23F00ABAE7F /* KIFTestStep.m in Sources */ = {isa = PBXBuildFile; fileRef = F9AF9BF8183FD23F00ABAE7F /* KIFTestStep.m */; };
		F9AF9C01183FD23F00ABAE7F /* UIApplication-KIFAdditions.m in Sources */ = {isa = PBXBuildFile; fileRef = F9AF9BFA183FD23F00ABAE7F /* UIApplication-KIFAdditions.m */; };
		F9AF9C02183FD23F00ABAE7F /* UITouch-KIFAdditions.m in Sources */ = {isa = PBXBuildFile; fileRef = F9AF9BFC183FD23F00ABAE7F /* UITouch-KIFAdditions.m */; };
		F9AF9C03183FD23F00ABAE7F /* UIView-KIFAdditions.m in Sources */ = {isa = PBXBuildFile; fileRef = F9AF9BFE183FD23F00ABAE7F /* UIView-KIFAdditions.m */; };
		F9AF9C06183FD25500ABAE7F /* DCIntrospect.m in Sources */ = {isa = PBXBuildFile; fileRef = F9AF9C05183FD25500ABAE7F /* DCIntrospect.m */; };
		F9AF9C21183FD27900ABAE7F /* GraphConstants.m in Sources */ = {isa = PBXBuildFile; fileRef = F9AF9C09183FD27900ABAE7F /* GraphConstants.m */; };
		F9AF9C22183FD27900ABAE7F /* GraphEdge.m in Sources */ = {isa = PBXBuildFile; fileRef = F9AF9C0B183FD27900ABAE7F /* GraphEdge.m */; };
		F9AF9C23183FD27900ABAE7F /* GraphNode.m in Sources */ = {isa = PBXBuildFile; fileRef = F9AF9C0D183FD27900ABAE7F /* GraphNode.m */; };
		F9AF9C24183FD27900ABAE7F /* GraphSearchAStar.m in Sources */ = {isa = PBXBuildFile; fileRef = F9AF9C0F183FD27900ABAE7F /* GraphSearchAStar.m */; };
		F9AF9C25183FD27900ABAE7F /* GraphSearchBFS.m in Sources */ = {isa = PBXBuildFile; fileRef = F9AF9C11183FD27900ABAE7F /* GraphSearchBFS.m */; };
		F9AF9C26183FD27900ABAE7F /* GraphSearchDFS.m in Sources */ = {isa = PBXBuildFile; fileRef = F9AF9C13183FD27900ABAE7F /* GraphSearchDFS.m */; };
		F9AF9C27183FD27900ABAE7F /* GraphSearchDijkstra.m in Sources */ = {isa = PBXBuildFile; fileRef = F9AF9C15183FD27900ABAE7F /* GraphSearchDijkstra.m */; };
		F9AF9C28183FD27900ABAE7F /* HeuristicEuclid.m in Sources */ = {isa = PBXBuildFile; fileRef = F9AF9C18183FD27900ABAE7F /* HeuristicEuclid.m */; };
		F9AF9C29183FD27900ABAE7F /* HeuristicManhattan.m in Sources */ = {isa = PBXBuildFile; fileRef = F9AF9C1A183FD27900ABAE7F /* HeuristicManhattan.m */; };
		F9AF9C2A183FD27900ABAE7F /* IndexedPriorityQLow.m in Sources */ = {isa = PBXBuildFile; fileRef = F9AF9C1C183FD27900ABAE7F /* IndexedPriorityQLow.m */; };
		F9AF9C2B183FD27900ABAE7F /* NavGraphNode.m in Sources */ = {isa = PBXBuildFile; fileRef = F9AF9C1E183FD27900ABAE7F /* NavGraphNode.m */; };
		F9AF9C2C183FD27900ABAE7F /* SparseGraph.m in Sources */ = {isa = PBXBuildFile; fileRef = F9AF9C20183FD27900ABAE7F /* SparseGraph.m */; };
		F9AF9C2F183FD89F00ABAE7F /* MainWindow.xib in Resources */ = {isa = PBXBuildFile; fileRef = 53F7980F0DD143990039426E /* MainWindow.xib */; };
		F9AF9C30183FD89F00ABAE7F /* iPod_shuffle.png in Resources */ = {isa = PBXBuildFile; fileRef = 5354B6220FD08B7E000597B3 /* iPod_shuffle.png */; };
		F9AF9C31183FD89F00ABAE7F /* iPod.png in Resources */ = {isa = PBXBuildFile; fileRef = 5354B6230FD08B7E000597B3 /* iPod.png */; };
		F9AF9C32183FD89F00ABAE7F /* iPod_touch.png in Resources */ = {isa = PBXBuildFile; fileRef = 5354B6240FD08B7E000597B3 /* iPod_touch.png */; };
		F9AF9C33183FD89F00ABAE7F /* tab3.png in Resources */ = {isa = PBXBuildFile; fileRef = 5354B6250FD08B7E000597B3 /* tab3.png */; };
		F9AF9C34183FD89F00ABAE7F /* iPod_nano.png in Resources */ = {isa = PBXBuildFile; fileRef = 5354B6260FD08B7E000597B3 /* iPod_nano.png */; };
		F9AF9C35183FD89F00ABAE7F /* tab1.png in Resources */ = {isa = PBXBuildFile; fileRef = 5354B6270FD08B7E000597B3 /* tab1.png */; };
		F9AF9C36183FD89F00ABAE7F /* tab2.png in Resources */ = {isa = PBXBuildFile; fileRef = 5354B6280FD08B7E000597B3 /* tab2.png */; };
		F9AF9C37183FD89F00ABAE7F /* LandscapeView.xib in Resources */ = {isa = PBXBuildFile; fileRef = 5331DEDA0FD5AAE500F2BF21 /* LandscapeView.xib */; };
		F9AF9C38183FD89F00ABAE7F /* left.png in Resources */ = {isa = PBXBuildFile; fileRef = 5331DFAA0FD5B55500F2BF21 /* left.png */; };
		F9AF9C39183FD89F00ABAE7F /* left_pressed.png in Resources */ = {isa = PBXBuildFile; fileRef = 5331DFAB0FD5B55500F2BF21 /* left_pressed.png */; };
		F9AF9C3A183FD89F00ABAE7F /* ModalViewController.xib in Resources */ = {isa = PBXBuildFile; fileRef = 535839F410051D9A00D97F7B /* ModalViewController.xib */; };
		F9AF9C3B183FD89F00ABAE7F /* FourViewController.xib in Resources */ = {isa = PBXBuildFile; fileRef = 537383EF101E24B40023B560 /* FourViewController.xib */; };
		F9AF9C3C183FD89F00ABAE7F /* tab4.png in Resources */ = {isa = PBXBuildFile; fileRef = 5373844C101E2CBE0023B560 /* tab4.png */; };
		F9AF9C3D183FD89F00ABAE7F /* Icon-72.png in Resources */ = {isa = PBXBuildFile; fileRef = 530FE5D4128337EC00678AD0 /* Icon-72.png */; };
		F9AF9C3E183FD89F00ABAE7F /* Icon-Small-50.png in Resources */ = {isa = PBXBuildFile; fileRef = 530FE5D5128337EC00678AD0 /* Icon-Small-50.png */; };
		F9AF9C3F183FD89F00ABAE7F /* Icon-Small.png in Resources */ = {isa = PBXBuildFile; fileRef = 530FE5D6128337EC00678AD0 /* Icon-Small.png */; };
		F9AF9C40183FD89F00ABAE7F /* Icon-Small@2x.png in Resources */ = {isa = PBXBuildFile; fileRef = 530FE5D7128337EC00678AD0 /* Icon-Small@2x.png */; };
		F9AF9C41183FD89F00ABAE7F /* Icon.png in Resources */ = {isa = PBXBuildFile; fileRef = 530FE5D8128337EC00678AD0 /* Icon.png */; };
		F9AF9C42183FD89F00ABAE7F /* Icon@2x.png in Resources */ = {isa = PBXBuildFile; fileRef = 530FE5D9128337EC00678AD0 /* Icon@2x.png */; };
		F9AF9C43183FD89F00ABAE7F /* iTunesArtwork in Resources */ = {isa = PBXBuildFile; fileRef = 530FE5DA128337EC00678AD0 /* iTunesArtwork */; };
		F9AF9C44183FD89F00ABAE7F /* ReadMe.txt in Resources */ = {isa = PBXBuildFile; fileRef = D0E6CCF213C780AC008F8E43 /* ReadMe.txt */; };
		F9AF9C46183FD89F00ABAE7F /* main.m in Sources */ = {isa = PBXBuildFile; fileRef = 29B97316FDCFA39411CA2CEA /* main.m */; };
		F9AF9C47183FD89F00ABAE7F /* AppDelegate.m in Sources */ = {isa = PBXBuildFile; fileRef = 5384C3EB0D63F6A3004318E5 /* AppDelegate.m */; };
		F9AF9C48183FD89F00ABAE7F /* OneViewController.m in Sources */ = {isa = PBXBuildFile; fileRef = 5384C3ED0D63F6AC004318E5 /* OneViewController.m */; };
		F9AF9C49183FD89F00ABAE7F /* ThreeViewController.m in Sources */ = {isa = PBXBuildFile; fileRef = 53DEEA4E0DB17ECC00B56347 /* ThreeViewController.m */; };
		F9AF9C4A183FD89F00ABAE7F /* TwoViewController.m in Sources */ = {isa = PBXBuildFile; fileRef = 537829460DD161E300223F02 /* TwoViewController.m */; };
		F9AF9C4B183FD89F00ABAE7F /* SubLevelViewController.m in Sources */ = {isa = PBXBuildFile; fileRef = 5310DD040EA3EA7E00FC97E8 /* SubLevelViewController.m */; };
		F9AF9C4C183FD89F00ABAE7F /* LandscapeViewController.m in Sources */ = {isa = PBXBuildFile; fileRef = 5331DEEB0FD5AB6B00F2BF21 /* LandscapeViewController.m */; };
		F9AF9C4D183FD89F00ABAE7F /* ModalViewController.m in Sources */ = {isa = PBXBuildFile; fileRef = 535839FA10051E0F00D97F7B /* ModalViewController.m */; };
		F9AF9C4E183FD89F00ABAE7F /* FourViewController.m in Sources */ = {isa = PBXBuildFile; fileRef = 53738410101E26960023B560 /* FourViewController.m */; };
		F9AF9C4F183FD89F00ABAE7F /* FeaturedViewController.m in Sources */ = {isa = PBXBuildFile; fileRef = 5374701F10238C2E008112B8 /* FeaturedViewController.m */; };
		F9AF9C50183FD89F00ABAE7F /* FavoritesViewController.m in Sources */ = {isa = PBXBuildFile; fileRef = 5374702710238CB4008112B8 /* FavoritesViewController.m */; };
		F9AF9C51183FD89F00ABAE7F /* ICrawlerController.m in Sources */ = {isa = PBXBuildFile; fileRef = F9AF9BD7183FD1E700ABAE7F /* ICrawlerController.m */; };
		F9AF9C52183FD89F00ABAE7F /* OutputComponent.m in Sources */ = {isa = PBXBuildFile; fileRef = F9AF9BDA183FD1F900ABAE7F /* OutputComponent.m */; };
		F9AF9C53183FD89F00ABAE7F /* UINavigationBar+Additions.m in Sources */ = {isa = PBXBuildFile; fileRef = F9AF9BDD183FD20A00ABAE7F /* UINavigationBar+Additions.m */; };
		F9AF9C54183FD89F00ABAE7F /* UINavigationController+Additions.m in Sources */ = {isa = PBXBuildFile; fileRef = F9AF9BDF183FD20A00ABAE7F /* UINavigationController+Additions.m */; };
		F9AF9C55183FD89F00ABAE7F /* UIViewController+Additions.m in Sources */ = {isa = PBXBuildFile; fileRef = F9AF9BE1183FD20A00ABAE7F /* UIViewController+Additions.m */; };
		F9AF9C56183FD89F00ABAE7F /* Globals.m in Sources */ = {isa = PBXBuildFile; fileRef = F9AF9BE6183FD21A00ABAE7F /* Globals.m */; };
		F9AF9C57183FD89F00ABAE7F /* State.m in Sources */ = {isa = PBXBuildFile; fileRef = F9AF9BE9183FD21A00ABAE7F /* State.m */; };
		F9AF9C58183FD89F00ABAE7F /* UIElement.m in Sources */ = {isa = PBXBuildFile; fileRef = F9AF9BEB183FD21A00ABAE7F /* UIElement.m */; };
		F9AF9C59183FD89F00ABAE7F /* XMLNode.m in Sources */ = {isa = PBXBuildFile; fileRef = F9AF9BED183FD21A00ABAE7F /* XMLNode.m */; };
		F9AF9C5A183FD89F00ABAE7F /* XMLWriter.m in Sources */ = {isa = PBXBuildFile; fileRef = F9AF9BF3183FD23100ABAE7F /* XMLWriter.m */; };
		F9AF9C5B183FD89F00ABAE7F /* CGGeometry-KIFAdditions.m in Sources */ = {isa = PBXBuildFile; fileRef = F9AF9BF6183FD23F00ABAE7F /* CGGeometry-KIFAdditions.m */; };
		F9AF9C5C183FD89F00ABAE7F /* KIFTestStep.m in Sources */ = {isa = PBXBuildFile; fileRef = F9AF9BF8183FD23F00ABAE7F /* KIFTestStep.m */; };
		F9AF9C5D183FD89F00ABAE7F /* UIApplication-KIFAdditions.m in Sources */ = {isa = PBXBuildFile; fileRef = F9AF9BFA183FD23F00ABAE7F /* UIApplication-KIFAdditions.m */; };
		F9AF9C5E183FD89F00ABAE7F /* UITouch-KIFAdditions.m in Sources */ = {isa = PBXBuildFile; fileRef = F9AF9BFC183FD23F00ABAE7F /* UITouch-KIFAdditions.m */; };
		F9AF9C5F183FD89F00ABAE7F /* UIView-KIFAdditions.m in Sources */ = {isa = PBXBuildFile; fileRef = F9AF9BFE183FD23F00ABAE7F /* UIView-KIFAdditions.m */; };
		F9AF9C60183FD89F00ABAE7F /* DCIntrospect.m in Sources */ = {isa = PBXBuildFile; fileRef = F9AF9C05183FD25500ABAE7F /* DCIntrospect.m */; };
		F9AF9C61183FD89F00ABAE7F /* GraphConstants.m in Sources */ = {isa = PBXBuildFile; fileRef = F9AF9C09183FD27900ABAE7F /* GraphConstants.m */; };
		F9AF9C62183FD89F00ABAE7F /* GraphEdge.m in Sources */ = {isa = PBXBuildFile; fileRef = F9AF9C0B183FD27900ABAE7F /* GraphEdge.m */; };
		F9AF9C63183FD89F00ABAE7F /* GraphNode.m in Sources */ = {isa = PBXBuildFile; fileRef = F9AF9C0D183FD27900ABAE7F /* GraphNode.m */; };
		F9AF9C64183FD89F00ABAE7F /* GraphSearchAStar.m in Sources */ = {isa = PBXBuildFile; fileRef = F9AF9C0F183FD27900ABAE7F /* GraphSearchAStar.m */; };
		F9AF9C65183FD89F00ABAE7F /* GraphSearchBFS.m in Sources */ = {isa = PBXBuildFile; fileRef = F9AF9C11183FD27900ABAE7F /* GraphSearchBFS.m */; };
		F9AF9C66183FD89F00ABAE7F /* GraphSearchDFS.m in Sources */ = {isa = PBXBuildFile; fileRef = F9AF9C13183FD27900ABAE7F /* GraphSearchDFS.m */; };
		F9AF9C67183FD89F00ABAE7F /* GraphSearchDijkstra.m in Sources */ = {isa = PBXBuildFile; fileRef = F9AF9C15183FD27900ABAE7F /* GraphSearchDijkstra.m */; };
		F9AF9C68183FD89F00ABAE7F /* HeuristicEuclid.m in Sources */ = {isa = PBXBuildFile; fileRef = F9AF9C18183FD27900ABAE7F /* HeuristicEuclid.m */; };
		F9AF9C69183FD89F00ABAE7F /* HeuristicManhattan.m in Sources */ = {isa = PBXBuildFile; fileRef = F9AF9C1A183FD27900ABAE7F /* HeuristicManhattan.m */; };
		F9AF9C6A183FD89F00ABAE7F /* IndexedPriorityQLow.m in Sources */ = {isa = PBXBuildFile; fileRef = F9AF9C1C183FD27900ABAE7F /* IndexedPriorityQLow.m */; };
		F9AF9C6B183FD89F00ABAE7F /* NavGraphNode.m in Sources */ = {isa = PBXBuildFile; fileRef = F9AF9C1E183FD27900ABAE7F /* NavGraphNode.m */; };
		F9AF9C6C183FD89F00ABAE7F /* SparseGraph.m in Sources */ = {isa = PBXBuildFile; fileRef = F9AF9C20183FD27900ABAE7F /* SparseGraph.m */; };
		F9AF9C6E183FD89F00ABAE7F /* Foundation.framework in Frameworks */ = {isa = PBXBuildFile; fileRef = 1D30AB110D05D00D00671497 /* Foundation.framework */; };
		F9AF9C6F183FD89F00ABAE7F /* UIKit.framework in Frameworks */ = {isa = PBXBuildFile; fileRef = 1DF5F4DF0D08C38300B7A737 /* UIKit.framework */; settings = {ATTRIBUTES = (Weak, ); }; };
		F9AF9C70183FD89F00ABAE7F /* CoreGraphics.framework in Frameworks */ = {isa = PBXBuildFile; fileRef = 1D3623EB0D0F72F000981E51 /* CoreGraphics.framework */; };
		F9AF9C77183FD8D300ABAE7F /* libMonkeyTalk-1.0.62.a in Frameworks */ = {isa = PBXBuildFile; fileRef = F9AF9C76183FD8D300ABAE7F /* libMonkeyTalk-1.0.62.a */; };
		F9AF9C79183FD8E300ABAE7F /* CFNetwork.framework in Frameworks */ = {isa = PBXBuildFile; fileRef = F9AF9C78183FD8E300ABAE7F /* CFNetwork.framework */; };
		F9AF9C7B183FD90600ABAE7F /* QuartzCore.framework in Frameworks */ = {isa = PBXBuildFile; fileRef = F9AF9C7A183FD90600ABAE7F /* QuartzCore.framework */; };
		F9AF9C7D183FD91200ABAE7F /* libsqlite3.dylib in Frameworks */ = {isa = PBXBuildFile; fileRef = F9AF9C7C183FD91200ABAE7F /* libsqlite3.dylib */; };
		F9AF9C7F183FD91C00ABAE7F /* libstdc++.6.0.9.dylib in Frameworks */ = {isa = PBXBuildFile; fileRef = F9AF9C7E183FD91C00ABAE7F /* libstdc++.6.0.9.dylib */; };
/* End PBXBuildFile section */

/* Begin PBXFileReference section */
		1D30AB110D05D00D00671497 /* Foundation.framework */ = {isa = PBXFileReference; lastKnownFileType = wrapper.framework; name = Foundation.framework; path = System/Library/Frameworks/Foundation.framework; sourceTree = SDKROOT; };
		1D3623EB0D0F72F000981E51 /* CoreGraphics.framework */ = {isa = PBXFileReference; lastKnownFileType = wrapper.framework; name = CoreGraphics.framework; path = System/Library/Frameworks/CoreGraphics.framework; sourceTree = SDKROOT; };
		1D6058910D05DD3D006BFB54 /* Tabster.app */ = {isa = PBXFileReference; explicitFileType = wrapper.application; includeInIndex = 0; path = Tabster.app; sourceTree = BUILT_PRODUCTS_DIR; };
		1DF5F4DF0D08C38300B7A737 /* UIKit.framework */ = {isa = PBXFileReference; lastKnownFileType = wrapper.framework; name = UIKit.framework; path = System/Library/Frameworks/UIKit.framework; sourceTree = SDKROOT; };
		29B97316FDCFA39411CA2CEA /* main.m */ = {isa = PBXFileReference; fileEncoding = 4; lastKnownFileType = sourcecode.c.objc; path = main.m; sourceTree = "<group>"; };
		530FE5D4128337EC00678AD0 /* Icon-72.png */ = {isa = PBXFileReference; lastKnownFileType = image.png; name = "Icon-72.png"; path = "images/icons/Icon-72.png"; sourceTree = "<group>"; };
		530FE5D5128337EC00678AD0 /* Icon-Small-50.png */ = {isa = PBXFileReference; lastKnownFileType = image.png; name = "Icon-Small-50.png"; path = "images/icons/Icon-Small-50.png"; sourceTree = "<group>"; };
		530FE5D6128337EC00678AD0 /* Icon-Small.png */ = {isa = PBXFileReference; lastKnownFileType = image.png; name = "Icon-Small.png"; path = "images/icons/Icon-Small.png"; sourceTree = "<group>"; };
		530FE5D7128337EC00678AD0 /* Icon-Small@2x.png */ = {isa = PBXFileReference; lastKnownFileType = image.png; name = "Icon-Small@2x.png"; path = "images/icons/Icon-Small@2x.png"; sourceTree = "<group>"; };
		530FE5D8128337EC00678AD0 /* Icon.png */ = {isa = PBXFileReference; lastKnownFileType = image.png; name = Icon.png; path = images/icons/Icon.png; sourceTree = "<group>"; };
		530FE5D9128337EC00678AD0 /* Icon@2x.png */ = {isa = PBXFileReference; lastKnownFileType = image.png; name = "Icon@2x.png"; path = "images/icons/Icon@2x.png"; sourceTree = "<group>"; };
		530FE5DA128337EC00678AD0 /* iTunesArtwork */ = {isa = PBXFileReference; lastKnownFileType = file; name = iTunesArtwork; path = images/icons/iTunesArtwork; sourceTree = "<group>"; };
		5310C0200D63CF280013953F /* Prefix.pch */ = {isa = PBXFileReference; fileEncoding = 4; lastKnownFileType = sourcecode.c.h; path = Prefix.pch; sourceTree = "<group>"; };
		5310DD040EA3EA7E00FC97E8 /* SubLevelViewController.m */ = {isa = PBXFileReference; fileEncoding = 4; lastKnownFileType = sourcecode.c.objc; path = SubLevelViewController.m; sourceTree = "<group>"; };
		5310DD050EA3EA7E00FC97E8 /* SubLevelViewController.h */ = {isa = PBXFileReference; fileEncoding = 4; lastKnownFileType = sourcecode.c.h; path = SubLevelViewController.h; sourceTree = "<group>"; };
		5331DEDB0FD5AAE500F2BF21 /* en */ = {isa = PBXFileReference; lastKnownFileType = file.xib; name = en; path = en.lproj/LandscapeView.xib; sourceTree = "<group>"; };
		5331DEEB0FD5AB6B00F2BF21 /* LandscapeViewController.m */ = {isa = PBXFileReference; fileEncoding = 4; lastKnownFileType = sourcecode.c.objc; path = LandscapeViewController.m; sourceTree = "<group>"; };
		5331DEEC0FD5AB6B00F2BF21 /* LandscapeViewController.h */ = {isa = PBXFileReference; fileEncoding = 4; lastKnownFileType = sourcecode.c.h; path = LandscapeViewController.h; sourceTree = "<group>"; };
		5331DFAA0FD5B55500F2BF21 /* left.png */ = {isa = PBXFileReference; lastKnownFileType = image.png; name = left.png; path = images/left.png; sourceTree = "<group>"; };
		5331DFAB0FD5B55500F2BF21 /* left_pressed.png */ = {isa = PBXFileReference; lastKnownFileType = image.png; name = left_pressed.png; path = images/left_pressed.png; sourceTree = "<group>"; };
		5354B6220FD08B7E000597B3 /* iPod_shuffle.png */ = {isa = PBXFileReference; lastKnownFileType = image.png; name = iPod_shuffle.png; path = images/iPod_shuffle.png; sourceTree = "<group>"; };
		5354B6230FD08B7E000597B3 /* iPod.png */ = {isa = PBXFileReference; lastKnownFileType = image.png; name = iPod.png; path = images/iPod.png; sourceTree = "<group>"; };
		5354B6240FD08B7E000597B3 /* iPod_touch.png */ = {isa = PBXFileReference; lastKnownFileType = image.png; name = iPod_touch.png; path = images/iPod_touch.png; sourceTree = "<group>"; };
		5354B6250FD08B7E000597B3 /* tab3.png */ = {isa = PBXFileReference; lastKnownFileType = image.png; name = tab3.png; path = images/tab3.png; sourceTree = "<group>"; };
		5354B6260FD08B7E000597B3 /* iPod_nano.png */ = {isa = PBXFileReference; lastKnownFileType = image.png; name = iPod_nano.png; path = images/iPod_nano.png; sourceTree = "<group>"; };
		5354B6270FD08B7E000597B3 /* tab1.png */ = {isa = PBXFileReference; lastKnownFileType = image.png; name = tab1.png; path = images/tab1.png; sourceTree = "<group>"; };
		5354B6280FD08B7E000597B3 /* tab2.png */ = {isa = PBXFileReference; lastKnownFileType = image.png; name = tab2.png; path = images/tab2.png; sourceTree = "<group>"; };
		535839F510051D9A00D97F7B /* en */ = {isa = PBXFileReference; lastKnownFileType = file.xib; name = en; path = en.lproj/ModalViewController.xib; sourceTree = "<group>"; };
		535839F910051E0F00D97F7B /* ModalViewController.h */ = {isa = PBXFileReference; fileEncoding = 4; lastKnownFileType = sourcecode.c.h; path = ModalViewController.h; sourceTree = "<group>"; };
		535839FA10051E0F00D97F7B /* ModalViewController.m */ = {isa = PBXFileReference; fileEncoding = 4; lastKnownFileType = sourcecode.c.objc; path = ModalViewController.m; sourceTree = "<group>"; };
		537383F0101E24B40023B560 /* en */ = {isa = PBXFileReference; lastKnownFileType = file.xib; name = en; path = en.lproj/FourViewController.xib; sourceTree = "<group>"; };
		5373840F101E26960023B560 /* FourViewController.h */ = {isa = PBXFileReference; fileEncoding = 4; lastKnownFileType = sourcecode.c.h; path = FourViewController.h; sourceTree = "<group>"; };
		53738410101E26960023B560 /* FourViewController.m */ = {isa = PBXFileReference; fileEncoding = 4; lastKnownFileType = sourcecode.c.objc; path = FourViewController.m; sourceTree = "<group>"; };
		5373844C101E2CBE0023B560 /* tab4.png */ = {isa = PBXFileReference; lastKnownFileType = image.png; name = tab4.png; path = images/tab4.png; sourceTree = "<group>"; };
		5374701F10238C2E008112B8 /* FeaturedViewController.m */ = {isa = PBXFileReference; fileEncoding = 4; lastKnownFileType = sourcecode.c.objc; path = FeaturedViewController.m; sourceTree = "<group>"; };
		5374702010238C2E008112B8 /* FeaturedViewController.h */ = {isa = PBXFileReference; fileEncoding = 4; lastKnownFileType = sourcecode.c.h; path = FeaturedViewController.h; sourceTree = "<group>"; };
		5374702710238CB4008112B8 /* FavoritesViewController.m */ = {isa = PBXFileReference; fileEncoding = 4; lastKnownFileType = sourcecode.c.objc; path = FavoritesViewController.m; sourceTree = "<group>"; };
		5374702810238CB4008112B8 /* FavoritesViewController.h */ = {isa = PBXFileReference; fileEncoding = 4; lastKnownFileType = sourcecode.c.h; path = FavoritesViewController.h; sourceTree = "<group>"; };
		537829460DD161E300223F02 /* TwoViewController.m */ = {isa = PBXFileReference; fileEncoding = 4; lastKnownFileType = sourcecode.c.objc; path = TwoViewController.m; sourceTree = "<group>"; };
		537829470DD161E300223F02 /* TwoViewController.h */ = {isa = PBXFileReference; fileEncoding = 4; lastKnownFileType = sourcecode.c.h; path = TwoViewController.h; sourceTree = "<group>"; };
		5384C3EA0D63F6A3004318E5 /* AppDelegate.h */ = {isa = PBXFileReference; fileEncoding = 4; lastKnownFileType = sourcecode.c.h; path = AppDelegate.h; sourceTree = "<group>"; };
		5384C3EB0D63F6A3004318E5 /* AppDelegate.m */ = {isa = PBXFileReference; fileEncoding = 4; lastKnownFileType = sourcecode.c.objc; path = AppDelegate.m; sourceTree = "<group>"; };
		5384C3ED0D63F6AC004318E5 /* OneViewController.m */ = {isa = PBXFileReference; fileEncoding = 4; lastKnownFileType = sourcecode.c.objc; path = OneViewController.m; sourceTree = "<group>"; };
		5384C3EE0D63F6AC004318E5 /* OneViewController.h */ = {isa = PBXFileReference; fileEncoding = 4; lastKnownFileType = sourcecode.c.h; path = OneViewController.h; sourceTree = "<group>"; };
		53DEEA4E0DB17ECC00B56347 /* ThreeViewController.m */ = {isa = PBXFileReference; fileEncoding = 4; lastKnownFileType = sourcecode.c.objc; path = ThreeViewController.m; sourceTree = "<group>"; };
		53DEEA4F0DB17ECC00B56347 /* ThreeViewController.h */ = {isa = PBXFileReference; fileEncoding = 4; lastKnownFileType = sourcecode.c.h; path = ThreeViewController.h; sourceTree = "<group>"; };
		53F798100DD143990039426E /* en */ = {isa = PBXFileReference; lastKnownFileType = file.xib; name = en; path = en.lproj/MainWindow.xib; sourceTree = "<group>"; };
		8D1107310486CEB800E47090 /* Info.plist */ = {isa = PBXFileReference; fileEncoding = 4; lastKnownFileType = text.plist.xml; path = Info.plist; sourceTree = "<group>"; };
		D0E6CCF213C780AC008F8E43 /* ReadMe.txt */ = {isa = PBXFileReference; fileEncoding = 4; lastKnownFileType = text; path = ReadMe.txt; sourceTree = "<group>"; };
		F9AF9BD6183FD1E700ABAE7F /* ICrawlerController.h */ = {isa = PBXFileReference; fileEncoding = 4; lastKnownFileType = sourcecode.c.h; name = ICrawlerController.h; path = iCrawler/Controller/ICrawlerController.h; sourceTree = "<group>"; };
		F9AF9BD7183FD1E700ABAE7F /* ICrawlerController.m */ = {isa = PBXFileReference; fileEncoding = 4; lastKnownFileType = sourcecode.c.objc; name = ICrawlerController.m; path = iCrawler/Controller/ICrawlerController.m; sourceTree = "<group>"; };
		F9AF9BD9183FD1F900ABAE7F /* OutputComponent.h */ = {isa = PBXFileReference; fileEncoding = 4; lastKnownFileType = sourcecode.c.h; name = OutputComponent.h; path = iCrawler/Classes/OutputComponent.h; sourceTree = "<group>"; };
		F9AF9BDA183FD1F900ABAE7F /* OutputComponent.m */ = {isa = PBXFileReference; fileEncoding = 4; lastKnownFileType = sourcecode.c.objc; name = OutputComponent.m; path = iCrawler/Classes/OutputComponent.m; sourceTree = "<group>"; };
		F9AF9BDC183FD20A00ABAE7F /* UINavigationBar+Additions.h */ = {isa = PBXFileReference; fileEncoding = 4; lastKnownFileType = sourcecode.c.h; name = "UINavigationBar+Additions.h"; path = "iCrawler/CategoryExtension/UINavigationBar+Additions.h"; sourceTree = "<group>"; };
		F9AF9BDD183FD20A00ABAE7F /* UINavigationBar+Additions.m */ = {isa = PBXFileReference; fileEncoding = 4; lastKnownFileType = sourcecode.c.objc; name = "UINavigationBar+Additions.m"; path = "iCrawler/CategoryExtension/UINavigationBar+Additions.m"; sourceTree = "<group>"; };
		F9AF9BDE183FD20A00ABAE7F /* UINavigationController+Additions.h */ = {isa = PBXFileReference; fileEncoding = 4; lastKnownFileType = sourcecode.c.h; name = "UINavigationController+Additions.h"; path = "iCrawler/CategoryExtension/UINavigationController+Additions.h"; sourceTree = "<group>"; };
		F9AF9BDF183FD20A00ABAE7F /* UINavigationController+Additions.m */ = {isa = PBXFileReference; fileEncoding = 4; lastKnownFileType = sourcecode.c.objc; name = "UINavigationController+Additions.m"; path = "iCrawler/CategoryExtension/UINavigationController+Additions.m"; sourceTree = "<group>"; };
		F9AF9BE0183FD20A00ABAE7F /* UIViewController+Additions.h */ = {isa = PBXFileReference; fileEncoding = 4; lastKnownFileType = sourcecode.c.h; name = "UIViewController+Additions.h"; path = "iCrawler/CategoryExtension/UIViewController+Additions.h"; sourceTree = "<group>"; };
		F9AF9BE1183FD20A00ABAE7F /* UIViewController+Additions.m */ = {isa = PBXFileReference; fileEncoding = 4; lastKnownFileType = sourcecode.c.objc; name = "UIViewController+Additions.m"; path = "iCrawler/CategoryExtension/UIViewController+Additions.m"; sourceTree = "<group>"; };
		F9AF9BE5183FD21A00ABAE7F /* Globals.h */ = {isa = PBXFileReference; fileEncoding = 4; lastKnownFileType = sourcecode.c.h; name = Globals.h; path = iCrawler/Models/Globals.h; sourceTree = "<group>"; };
		F9AF9BE6183FD21A00ABAE7F /* Globals.m */ = {isa = PBXFileReference; fileEncoding = 4; lastKnownFileType = sourcecode.c.objc; name = Globals.m; path = iCrawler/Models/Globals.m; sourceTree = "<group>"; };
		F9AF9BE7183FD21A00ABAE7F /* ICConstants.h */ = {isa = PBXFileReference; fileEncoding = 4; lastKnownFileType = sourcecode.c.h; name = ICConstants.h; path = iCrawler/Models/ICConstants.h; sourceTree = "<group>"; };
		F9AF9BE8183FD21A00ABAE7F /* State.h */ = {isa = PBXFileReference; fileEncoding = 4; lastKnownFileType = sourcecode.c.h; name = State.h; path = iCrawler/Models/State.h; sourceTree = "<group>"; };
		F9AF9BE9183FD21A00ABAE7F /* State.m */ = {isa = PBXFileReference; fileEncoding = 4; lastKnownFileType = sourcecode.c.objc; name = State.m; path = iCrawler/Models/State.m; sourceTree = "<group>"; };
		F9AF9BEA183FD21A00ABAE7F /* UIElement.h */ = {isa = PBXFileReference; fileEncoding = 4; lastKnownFileType = sourcecode.c.h; name = UIElement.h; path = iCrawler/Models/UIElement.h; sourceTree = "<group>"; };
		F9AF9BEB183FD21A00ABAE7F /* UIElement.m */ = {isa = PBXFileReference; fileEncoding = 4; lastKnownFileType = sourcecode.c.objc; name = UIElement.m; path = iCrawler/Models/UIElement.m; sourceTree = "<group>"; };
		F9AF9BEC183FD21A00ABAE7F /* XMLNode.h */ = {isa = PBXFileReference; fileEncoding = 4; lastKnownFileType = sourcecode.c.h; name = XMLNode.h; path = iCrawler/Models/XMLNode.h; sourceTree = "<group>"; };
		F9AF9BED183FD21A00ABAE7F /* XMLNode.m */ = {isa = PBXFileReference; fileEncoding = 4; lastKnownFileType = sourcecode.c.objc; name = XMLNode.m; path = iCrawler/Models/XMLNode.m; sourceTree = "<group>"; };
		F9AF9BF2183FD23100ABAE7F /* XMLWriter.h */ = {isa = PBXFileReference; fileEncoding = 4; lastKnownFileType = sourcecode.c.h; name = XMLWriter.h; path = iCrawler/Libraries/XSWI/XMLWriter.h; sourceTree = "<group>"; };
		F9AF9BF3183FD23100ABAE7F /* XMLWriter.m */ = {isa = PBXFileReference; fileEncoding = 4; lastKnownFileType = sourcecode.c.objc; name = XMLWriter.m; path = iCrawler/Libraries/XSWI/XMLWriter.m; sourceTree = "<group>"; };
		F9AF9BF5183FD23F00ABAE7F /* CGGeometry-KIFAdditions.h */ = {isa = PBXFileReference; fileEncoding = 4; lastKnownFileType = sourcecode.c.h; name = "CGGeometry-KIFAdditions.h"; path = "iCrawler/Libraries/KIF-Modified/CGGeometry-KIFAdditions.h"; sourceTree = "<group>"; };
		F9AF9BF6183FD23F00ABAE7F /* CGGeometry-KIFAdditions.m */ = {isa = PBXFileReference; fileEncoding = 4; lastKnownFileType = sourcecode.c.objc; name = "CGGeometry-KIFAdditions.m"; path = "iCrawler/Libraries/KIF-Modified/CGGeometry-KIFAdditions.m"; sourceTree = "<group>"; };
		F9AF9BF7183FD23F00ABAE7F /* KIFTestStep.h */ = {isa = PBXFileReference; fileEncoding = 4; lastKnownFileType = sourcecode.c.h; name = KIFTestStep.h; path = "iCrawler/Libraries/KIF-Modified/KIFTestStep.h"; sourceTree = "<group>"; };
		F9AF9BF8183FD23F00ABAE7F /* KIFTestStep.m */ = {isa = PBXFileReference; fileEncoding = 4; lastKnownFileType = sourcecode.c.objc; name = KIFTestStep.m; path = "iCrawler/Libraries/KIF-Modified/KIFTestStep.m"; sourceTree = "<group>"; };
		F9AF9BF9183FD23F00ABAE7F /* UIApplication-KIFAdditions.h */ = {isa = PBXFileReference; fileEncoding = 4; lastKnownFileType = sourcecode.c.h; name = "UIApplication-KIFAdditions.h"; path = "iCrawler/Libraries/KIF-Modified/UIApplication-KIFAdditions.h"; sourceTree = "<group>"; };
		F9AF9BFA183FD23F00ABAE7F /* UIApplication-KIFAdditions.m */ = {isa = PBXFileReference; fileEncoding = 4; lastKnownFileType = sourcecode.c.objc; name = "UIApplication-KIFAdditions.m"; path = "iCrawler/Libraries/KIF-Modified/UIApplication-KIFAdditions.m"; sourceTree = "<group>"; };
		F9AF9BFB183FD23F00ABAE7F /* UITouch-KIFAdditions.h */ = {isa = PBXFileReference; fileEncoding = 4; lastKnownFileType = sourcecode.c.h; name = "UITouch-KIFAdditions.h"; path = "iCrawler/Libraries/KIF-Modified/UITouch-KIFAdditions.h"; sourceTree = "<group>"; };
		F9AF9BFC183FD23F00ABAE7F /* UITouch-KIFAdditions.m */ = {isa = PBXFileReference; fileEncoding = 4; lastKnownFileType = sourcecode.c.objc; name = "UITouch-KIFAdditions.m"; path = "iCrawler/Libraries/KIF-Modified/UITouch-KIFAdditions.m"; sourceTree = "<group>"; };
		F9AF9BFD183FD23F00ABAE7F /* UIView-KIFAdditions.h */ = {isa = PBXFileReference; fileEncoding = 4; lastKnownFileType = sourcecode.c.h; name = "UIView-KIFAdditions.h"; path = "iCrawler/Libraries/KIF-Modified/UIView-KIFAdditions.h"; sourceTree = "<group>"; };
		F9AF9BFE183FD23F00ABAE7F /* UIView-KIFAdditions.m */ = {isa = PBXFileReference; fileEncoding = 4; lastKnownFileType = sourcecode.c.objc; name = "UIView-KIFAdditions.m"; path = "iCrawler/Libraries/KIF-Modified/UIView-KIFAdditions.m"; sourceTree = "<group>"; };
		F9AF9C04183FD25500ABAE7F /* DCIntrospect.h */ = {isa = PBXFileReference; fileEncoding = 4; lastKnownFileType = sourcecode.c.h; name = DCIntrospect.h; path = "iCrawler/Libraries/DCIntrospect-Modified/DCIntrospect.h"; sourceTree = "<group>"; };
		F9AF9C05183FD25500ABAE7F /* DCIntrospect.m */ = {isa = PBXFileReference; fileEncoding = 4; lastKnownFileType = sourcecode.c.objc; name = DCIntrospect.m; path = "iCrawler/Libraries/DCIntrospect-Modified/DCIntrospect.m"; sourceTree = "<group>"; };
		F9AF9C08183FD27900ABAE7F /* GraphConstants.h */ = {isa = PBXFileReference; fileEncoding = 4; lastKnownFileType = sourcecode.c.h; name = GraphConstants.h; path = "iCrawler/Libraries/OGraph-Modified/GraphConstants.h"; sourceTree = "<group>"; };
		F9AF9C09183FD27900ABAE7F /* GraphConstants.m */ = {isa = PBXFileReference; fileEncoding = 4; lastKnownFileType = sourcecode.c.objc; name = GraphConstants.m; path = "iCrawler/Libraries/OGraph-Modified/GraphConstants.m"; sourceTree = "<group>"; };
		F9AF9C0A183FD27900ABAE7F /* GraphEdge.h */ = {isa = PBXFileReference; fileEncoding = 4; lastKnownFileType = sourcecode.c.h; name = GraphEdge.h; path = "iCrawler/Libraries/OGraph-Modified/GraphEdge.h"; sourceTree = "<group>"; };
		F9AF9C0B183FD27900ABAE7F /* GraphEdge.m */ = {isa = PBXFileReference; fileEncoding = 4; lastKnownFileType = sourcecode.c.objc; name = GraphEdge.m; path = "iCrawler/Libraries/OGraph-Modified/GraphEdge.m"; sourceTree = "<group>"; };
		F9AF9C0C183FD27900ABAE7F /* GraphNode.h */ = {isa = PBXFileReference; fileEncoding = 4; lastKnownFileType = sourcecode.c.h; name = GraphNode.h; path = "iCrawler/Libraries/OGraph-Modified/GraphNode.h"; sourceTree = "<group>"; };
		F9AF9C0D183FD27900ABAE7F /* GraphNode.m */ = {isa = PBXFileReference; fileEncoding = 4; lastKnownFileType = sourcecode.c.objc; name = GraphNode.m; path = "iCrawler/Libraries/OGraph-Modified/GraphNode.m"; sourceTree = "<group>"; };
		F9AF9C0E183FD27900ABAE7F /* GraphSearchAStar.h */ = {isa = PBXFileReference; fileEncoding = 4; lastKnownFileType = sourcecode.c.h; name = GraphSearchAStar.h; path = "iCrawler/Libraries/OGraph-Modified/GraphSearchAStar.h"; sourceTree = "<group>"; };
		F9AF9C0F183FD27900ABAE7F /* GraphSearchAStar.m */ = {isa = PBXFileReference; fileEncoding = 4; lastKnownFileType = sourcecode.c.objc; name = GraphSearchAStar.m; path = "iCrawler/Libraries/OGraph-Modified/GraphSearchAStar.m"; sourceTree = "<group>"; };
		F9AF9C10183FD27900ABAE7F /* GraphSearchBFS.h */ = {isa = PBXFileReference; fileEncoding = 4; lastKnownFileType = sourcecode.c.h; name = GraphSearchBFS.h; path = "iCrawler/Libraries/OGraph-Modified/GraphSearchBFS.h"; sourceTree = "<group>"; };
		F9AF9C11183FD27900ABAE7F /* GraphSearchBFS.m */ = {isa = PBXFileReference; fileEncoding = 4; lastKnownFileType = sourcecode.c.objc; name = GraphSearchBFS.m; path = "iCrawler/Libraries/OGraph-Modified/GraphSearchBFS.m"; sourceTree = "<group>"; };
		F9AF9C12183FD27900ABAE7F /* GraphSearchDFS.h */ = {isa = PBXFileReference; fileEncoding = 4; lastKnownFileType = sourcecode.c.h; name = GraphSearchDFS.h; path = "iCrawler/Libraries/OGraph-Modified/GraphSearchDFS.h"; sourceTree = "<group>"; };
		F9AF9C13183FD27900ABAE7F /* GraphSearchDFS.m */ = {isa = PBXFileReference; fileEncoding = 4; lastKnownFileType = sourcecode.c.objc; name = GraphSearchDFS.m; path = "iCrawler/Libraries/OGraph-Modified/GraphSearchDFS.m"; sourceTree = "<group>"; };
		F9AF9C14183FD27900ABAE7F /* GraphSearchDijkstra.h */ = {isa = PBXFileReference; fileEncoding = 4; lastKnownFileType = sourcecode.c.h; name = GraphSearchDijkstra.h; path = "iCrawler/Libraries/OGraph-Modified/GraphSearchDijkstra.h"; sourceTree = "<group>"; };
		F9AF9C15183FD27900ABAE7F /* GraphSearchDijkstra.m */ = {isa = PBXFileReference; fileEncoding = 4; lastKnownFileType = sourcecode.c.objc; name = GraphSearchDijkstra.m; path = "iCrawler/Libraries/OGraph-Modified/GraphSearchDijkstra.m"; sourceTree = "<group>"; };
		F9AF9C16183FD27900ABAE7F /* Heuristic.h */ = {isa = PBXFileReference; fileEncoding = 4; lastKnownFileType = sourcecode.c.h; name = Heuristic.h; path = "iCrawler/Libraries/OGraph-Modified/Heuristic.h"; sourceTree = "<group>"; };
		F9AF9C17183FD27900ABAE7F /* HeuristicEuclid.h */ = {isa = PBXFileReference; fileEncoding = 4; lastKnownFileType = sourcecode.c.h; name = HeuristicEuclid.h; path = "iCrawler/Libraries/OGraph-Modified/HeuristicEuclid.h"; sourceTree = "<group>"; };
		F9AF9C18183FD27900ABAE7F /* HeuristicEuclid.m */ = {isa = PBXFileReference; fileEncoding = 4; lastKnownFileType = sourcecode.c.objc; name = HeuristicEuclid.m; path = "iCrawler/Libraries/OGraph-Modified/HeuristicEuclid.m"; sourceTree = "<group>"; };
		F9AF9C19183FD27900ABAE7F /* HeuristicManhattan.h */ = {isa = PBXFileReference; fileEncoding = 4; lastKnownFileType = sourcecode.c.h; name = HeuristicManhattan.h; path = "iCrawler/Libraries/OGraph-Modified/HeuristicManhattan.h"; sourceTree = "<group>"; };
		F9AF9C1A183FD27900ABAE7F /* HeuristicManhattan.m */ = {isa = PBXFileReference; fileEncoding = 4; lastKnownFileType = sourcecode.c.objc; name = HeuristicManhattan.m; path = "iCrawler/Libraries/OGraph-Modified/HeuristicManhattan.m"; sourceTree = "<group>"; };
		F9AF9C1B183FD27900ABAE7F /* IndexedPriorityQLow.h */ = {isa = PBXFileReference; fileEncoding = 4; lastKnownFileType = sourcecode.c.h; name = IndexedPriorityQLow.h; path = "iCrawler/Libraries/OGraph-Modified/IndexedPriorityQLow.h"; sourceTree = "<group>"; };
		F9AF9C1C183FD27900ABAE7F /* IndexedPriorityQLow.m */ = {isa = PBXFileReference; fileEncoding = 4; lastKnownFileType = sourcecode.c.objc; name = IndexedPriorityQLow.m; path = "iCrawler/Libraries/OGraph-Modified/IndexedPriorityQLow.m"; sourceTree = "<group>"; };
		F9AF9C1D183FD27900ABAE7F /* NavGraphNode.h */ = {isa = PBXFileReference; fileEncoding = 4; lastKnownFileType = sourcecode.c.h; name = NavGraphNode.h; path = "iCrawler/Libraries/OGraph-Modified/NavGraphNode.h"; sourceTree = "<group>"; };
		F9AF9C1E183FD27900ABAE7F /* NavGraphNode.m */ = {isa = PBXFileReference; fileEncoding = 4; lastKnownFileType = sourcecode.c.objc; name = NavGraphNode.m; path = "iCrawler/Libraries/OGraph-Modified/NavGraphNode.m"; sourceTree = "<group>"; };
		F9AF9C1F183FD27900ABAE7F /* SparseGraph.h */ = {isa = PBXFileReference; fileEncoding = 4; lastKnownFileType = sourcecode.c.h; name = SparseGraph.h; path = "iCrawler/Libraries/OGraph-Modified/SparseGraph.h"; sourceTree = "<group>"; };
		F9AF9C20183FD27900ABAE7F /* SparseGraph.m */ = {isa = PBXFileReference; fileEncoding = 4; lastKnownFileType = sourcecode.c.objc; name = SparseGraph.m; path = "iCrawler/Libraries/OGraph-Modified/SparseGraph.m"; sourceTree = "<group>"; };
		F9AF9C74183FD89F00ABAE7F /* Tabster copy.app */ = {isa = PBXFileReference; explicitFileType = wrapper.application; includeInIndex = 0; path = "Tabster copy.app"; sourceTree = BUILT_PRODUCTS_DIR; };
		F9AF9C75183FD8A000ABAE7F /* Tabster copy-Info.plist */ = {isa = PBXFileReference; lastKnownFileType = text.plist.xml; name = "Tabster copy-Info.plist"; path = "/Users/Mona/SALTLab/saltlab/trunk/students/mona/research/mobileCrawler/evaluationProjectsJournal/2-Tabster/Tabster copy-Info.plist"; sourceTree = "<absolute>"; };
		F9AF9C76183FD8D300ABAE7F /* libMonkeyTalk-1.0.62.a */ = {isa = PBXFileReference; lastKnownFileType = archive.ar; path = "libMonkeyTalk-1.0.62.a"; sourceTree = "<group>"; };
		F9AF9C78183FD8E300ABAE7F /* CFNetwork.framework */ = {isa = PBXFileReference; lastKnownFileType = wrapper.framework; name = CFNetwork.framework; path = System/Library/Frameworks/CFNetwork.framework; sourceTree = SDKROOT; };
		F9AF9C7A183FD90600ABAE7F /* QuartzCore.framework */ = {isa = PBXFileReference; lastKnownFileType = wrapper.framework; name = QuartzCore.framework; path = System/Library/Frameworks/QuartzCore.framework; sourceTree = SDKROOT; };
		F9AF9C7C183FD91200ABAE7F /* libsqlite3.dylib */ = {isa = PBXFileReference; lastKnownFileType = "compiled.mach-o.dylib"; name = libsqlite3.dylib; path = usr/lib/libsqlite3.dylib; sourceTree = SDKROOT; };
		F9AF9C7E183FD91C00ABAE7F /* libstdc++.6.0.9.dylib */ = {isa = PBXFileReference; lastKnownFileType = "compiled.mach-o.dylib"; name = "libstdc++.6.0.9.dylib"; path = "usr/lib/libstdc++.6.0.9.dylib"; sourceTree = SDKROOT; };
/* End PBXFileReference section */

/* Begin PBXFrameworksBuildPhase section */
		1D60588F0D05DD3D006BFB54 /* Frameworks */ = {
			isa = PBXFrameworksBuildPhase;
			buildActionMask = 2147483647;
			files = (
				1D60589F0D05DD5A006BFB54 /* Foundation.framework in Frameworks */,
				1DF5F4E00D08C38300B7A737 /* UIKit.framework in Frameworks */,
				1D3623EC0D0F72F000981E51 /* CoreGraphics.framework in Frameworks */,
			);
			runOnlyForDeploymentPostprocessing = 0;
		};
		F9AF9C6D183FD89F00ABAE7F /* Frameworks */ = {
			isa = PBXFrameworksBuildPhase;
			buildActionMask = 2147483647;
			files = (
				F9AF9C7F183FD91C00ABAE7F /* libstdc++.6.0.9.dylib in Frameworks */,
				F9AF9C7D183FD91200ABAE7F /* libsqlite3.dylib in Frameworks */,
				F9AF9C7B183FD90600ABAE7F /* QuartzCore.framework in Frameworks */,
				F9AF9C79183FD8E300ABAE7F /* CFNetwork.framework in Frameworks */,
				F9AF9C6E183FD89F00ABAE7F /* Foundation.framework in Frameworks */,
				F9AF9C6F183FD89F00ABAE7F /* UIKit.framework in Frameworks */,
				F9AF9C70183FD89F00ABAE7F /* CoreGraphics.framework in Frameworks */,
				F9AF9C77183FD8D300ABAE7F /* libMonkeyTalk-1.0.62.a in Frameworks */,
			);
			runOnlyForDeploymentPostprocessing = 0;
		};
/* End PBXFrameworksBuildPhase section */

/* Begin PBXGroup section */
		19C28FACFE9D520D11CA2CBB /* Products */ = {
			isa = PBXGroup;
			children = (
				1D6058910D05DD3D006BFB54 /* Tabster.app */,
				F9AF9C74183FD89F00ABAE7F /* Tabster copy.app */,
			);
			name = Products;
			sourceTree = "<group>";
		};
		29B97314FDCFA39411CA2CEA /* CustomTemplate */ = {
			isa = PBXGroup;
			children = (
				F97C5DD81583FBE40079A801 /* Libraries */,
				D0E6CCF213C780AC008F8E43 /* ReadMe.txt */,
				5310C0200D63CF280013953F /* Prefix.pch */,
				29B97316FDCFA39411CA2CEA /* main.m */,
				5384C3EA0D63F6A3004318E5 /* AppDelegate.h */,
				5384C3EB0D63F6A3004318E5 /* AppDelegate.m */,
				535A60A10FCC8E3800F5076B /* ViewControllers */,
				29B97317FDCFA39411CA2CEA /* Resources */,
				29B97323FDCFA39411CA2CEA /* Frameworks */,
				19C28FACFE9D520D11CA2CBB /* Products */,
				F9AF9C75183FD8A000ABAE7F /* Tabster copy-Info.plist */,
			);
			name = CustomTemplate;
			sourceTree = "<group>";
		};
		29B97317FDCFA39411CA2CEA /* Resources */ = {
			isa = PBXGroup;
			children = (
				530FE5D2128337E000678AD0 /* icons */,
				530FE5B7128337CE00678AD0 /* images */,
				53F7980F0DD143990039426E /* MainWindow.xib */,
				535839F410051D9A00D97F7B /* ModalViewController.xib */,
				5331DEDA0FD5AAE500F2BF21 /* LandscapeView.xib */,
				537383EF101E24B40023B560 /* FourViewController.xib */,
				8D1107310486CEB800E47090 /* Info.plist */,
			);
			name = Resources;
			sourceTree = "<group>";
		};
		29B97323FDCFA39411CA2CEA /* Frameworks */ = {
			isa = PBXGroup;
			children = (
				F9AF9C7E183FD91C00ABAE7F /* libstdc++.6.0.9.dylib */,
				F9AF9C7C183FD91200ABAE7F /* libsqlite3.dylib */,
				F9AF9C7A183FD90600ABAE7F /* QuartzCore.framework */,
				F9AF9C78183FD8E300ABAE7F /* CFNetwork.framework */,
				F9AF9C76183FD8D300ABAE7F /* libMonkeyTalk-1.0.62.a */,
				1D3623EB0D0F72F000981E51 /* CoreGraphics.framework */,
				1DF5F4DF0D08C38300B7A737 /* UIKit.framework */,
				1D30AB110D05D00D00671497 /* Foundation.framework */,
			);
			name = Frameworks;
			sourceTree = "<group>";
		};
		530FE5B7128337CE00678AD0 /* images */ = {
			isa = PBXGroup;
			children = (
				5331DFAA0FD5B55500F2BF21 /* left.png */,
				5331DFAB0FD5B55500F2BF21 /* left_pressed.png */,
				5354B6220FD08B7E000597B3 /* iPod_shuffle.png */,
				5354B6230FD08B7E000597B3 /* iPod.png */,
				5354B6240FD08B7E000597B3 /* iPod_touch.png */,
				5354B6250FD08B7E000597B3 /* tab3.png */,
				5373844C101E2CBE0023B560 /* tab4.png */,
				5354B6260FD08B7E000597B3 /* iPod_nano.png */,
				5354B6270FD08B7E000597B3 /* tab1.png */,
				5354B6280FD08B7E000597B3 /* tab2.png */,
			);
			name = images;
			sourceTree = "<group>";
		};
		530FE5D2128337E000678AD0 /* icons */ = {
			isa = PBXGroup;
			children = (
				530FE5D4128337EC00678AD0 /* Icon-72.png */,
				530FE5D5128337EC00678AD0 /* Icon-Small-50.png */,
				530FE5D6128337EC00678AD0 /* Icon-Small.png */,
				530FE5D7128337EC00678AD0 /* Icon-Small@2x.png */,
				530FE5D8128337EC00678AD0 /* Icon.png */,
				530FE5D9128337EC00678AD0 /* Icon@2x.png */,
				530FE5DA128337EC00678AD0 /* iTunesArtwork */,
			);
			name = icons;
			sourceTree = "<group>";
		};
		535A60A10FCC8E3800F5076B /* ViewControllers */ = {
			isa = PBXGroup;
			children = (
				5384C3EE0D63F6AC004318E5 /* OneViewController.h */,
				5384C3ED0D63F6AC004318E5 /* OneViewController.m */,
				537829470DD161E300223F02 /* TwoViewController.h */,
				537829460DD161E300223F02 /* TwoViewController.m */,
				53DEEA4F0DB17ECC00B56347 /* ThreeViewController.h */,
				53DEEA4E0DB17ECC00B56347 /* ThreeViewController.m */,
				5373840F101E26960023B560 /* FourViewController.h */,
				53738410101E26960023B560 /* FourViewController.m */,
				5374702010238C2E008112B8 /* FeaturedViewController.h */,
				5374701F10238C2E008112B8 /* FeaturedViewController.m */,
				5374702810238CB4008112B8 /* FavoritesViewController.h */,
				5374702710238CB4008112B8 /* FavoritesViewController.m */,
				5310DD050EA3EA7E00FC97E8 /* SubLevelViewController.h */,
				5310DD040EA3EA7E00FC97E8 /* SubLevelViewController.m */,
				5331DEEC0FD5AB6B00F2BF21 /* LandscapeViewController.h */,
				5331DEEB0FD5AB6B00F2BF21 /* LandscapeViewController.m */,
				535839F910051E0F00D97F7B /* ModalViewController.h */,
				535839FA10051E0F00D97F7B /* ModalViewController.m */,
			);
			name = ViewControllers;
			sourceTree = "<group>";
		};
		F9290E8F182B19780005F50B /* CategoryExtension */ = {
			isa = PBXGroup;
			children = (
				F9AF9BDC183FD20A00ABAE7F /* UINavigationBar+Additions.h */,
				F9AF9BDD183FD20A00ABAE7F /* UINavigationBar+Additions.m */,
				F9AF9BDE183FD20A00ABAE7F /* UINavigationController+Additions.h */,
				F9AF9BDF183FD20A00ABAE7F /* UINavigationController+Additions.m */,
				F9AF9BE0183FD20A00ABAE7F /* UIViewController+Additions.h */,
				F9AF9BE1183FD20A00ABAE7F /* UIViewController+Additions.m */,
			);
			name = CategoryExtension;
			sourceTree = "<group>";
		};
		F9290E90182B19870005F50B /* Classes */ = {
			isa = PBXGroup;
			children = (
				F9AF9BD9183FD1F900ABAE7F /* OutputComponent.h */,
				F9AF9BDA183FD1F900ABAE7F /* OutputComponent.m */,
			);
			name = Classes;
			sourceTree = "<group>";
		};
		F9290E9A182B19D70005F50B /* Controller */ = {
			isa = PBXGroup;
			children = (
				F9AF9BD6183FD1E700ABAE7F /* ICrawlerController.h */,
				F9AF9BD7183FD1E700ABAE7F /* ICrawlerController.m */,
			);
			name = Controller;
			sourceTree = "<group>";
		};
		F9290E9E182B1A020005F50B /* Libraries */ = {
			isa = PBXGroup;
			children = (
				F9AF9C07183FD26900ABAE7F /* OGraph-Modified */,
				F9B4A752159CCE100003D61E /* XSWI */,
				F9B4A747159CCE100003D61E /* KIF-Modified */,
				F9B4A744159CCE100003D61E /* DCIntrospect-Modified */,
			);
			name = Libraries;
			sourceTree = "<group>";
		};
		F97C5DD81583FBE40079A801 /* Libraries */ = {
			isa = PBXGroup;
			children = (
				F9B4A743159CCE100003D61E /* iCrawl */,
			);
			name = Libraries;
			sourceTree = "<group>";
		};
		F9AF9C07183FD26900ABAE7F /* OGraph-Modified */ = {
			isa = PBXGroup;
			children = (
				F9AF9C08183FD27900ABAE7F /* GraphConstants.h */,
				F9AF9C09183FD27900ABAE7F /* GraphConstants.m */,
				F9AF9C0A183FD27900ABAE7F /* GraphEdge.h */,
				F9AF9C0B183FD27900ABAE7F /* GraphEdge.m */,
				F9AF9C0C183FD27900ABAE7F /* GraphNode.h */,
				F9AF9C0D183FD27900ABAE7F /* GraphNode.m */,
				F9AF9C0E183FD27900ABAE7F /* GraphSearchAStar.h */,
				F9AF9C0F183FD27900ABAE7F /* GraphSearchAStar.m */,
				F9AF9C10183FD27900ABAE7F /* GraphSearchBFS.h */,
				F9AF9C11183FD27900ABAE7F /* GraphSearchBFS.m */,
				F9AF9C12183FD27900ABAE7F /* GraphSearchDFS.h */,
				F9AF9C13183FD27900ABAE7F /* GraphSearchDFS.m */,
				F9AF9C14183FD27900ABAE7F /* GraphSearchDijkstra.h */,
				F9AF9C15183FD27900ABAE7F /* GraphSearchDijkstra.m */,
				F9AF9C16183FD27900ABAE7F /* Heuristic.h */,
				F9AF9C17183FD27900ABAE7F /* HeuristicEuclid.h */,
				F9AF9C18183FD27900ABAE7F /* HeuristicEuclid.m */,
				F9AF9C19183FD27900ABAE7F /* HeuristicManhattan.h */,
				F9AF9C1A183FD27900ABAE7F /* HeuristicManhattan.m */,
				F9AF9C1B183FD27900ABAE7F /* IndexedPriorityQLow.h */,
				F9AF9C1C183FD27900ABAE7F /* IndexedPriorityQLow.m */,
				F9AF9C1D183FD27900ABAE7F /* NavGraphNode.h */,
				F9AF9C1E183FD27900ABAE7F /* NavGraphNode.m */,
				F9AF9C1F183FD27900ABAE7F /* SparseGraph.h */,
				F9AF9C20183FD27900ABAE7F /* SparseGraph.m */,
			);
			name = "OGraph-Modified";
			sourceTree = "<group>";
		};
		F9B4A743159CCE100003D61E /* iCrawl */ = {
			isa = PBXGroup;
			children = (
				F9290E9E182B1A020005F50B /* Libraries */,
				F9290E9A182B19D70005F50B /* Controller */,
				F9290E90182B19870005F50B /* Classes */,
				F9290E8F182B19780005F50B /* CategoryExtension */,
				F9B4A755159CCE100003D61E /* Models */,
			);
			name = iCrawl;
			sourceTree = "<group>";
		};
		F9B4A744159CCE100003D61E /* DCIntrospect-Modified */ = {
			isa = PBXGroup;
			children = (
				F9AF9C04183FD25500ABAE7F /* DCIntrospect.h */,
				F9AF9C05183FD25500ABAE7F /* DCIntrospect.m */,
			);
			name = "DCIntrospect-Modified";
			sourceTree = "<group>";
		};
		F9B4A747159CCE100003D61E /* KIF-Modified */ = {
			isa = PBXGroup;
			children = (
				F9AF9BF5183FD23F00ABAE7F /* CGGeometry-KIFAdditions.h */,
				F9AF9BF6183FD23F00ABAE7F /* CGGeometry-KIFAdditions.m */,
				F9AF9BF7183FD23F00ABAE7F /* KIFTestStep.h */,
				F9AF9BF8183FD23F00ABAE7F /* KIFTestStep.m */,
				F9AF9BF9183FD23F00ABAE7F /* UIApplication-KIFAdditions.h */,
				F9AF9BFA183FD23F00ABAE7F /* UIApplication-KIFAdditions.m */,
				F9AF9BFB183FD23F00ABAE7F /* UITouch-KIFAdditions.h */,
				F9AF9BFC183FD23F00ABAE7F /* UITouch-KIFAdditions.m */,
				F9AF9BFD183FD23F00ABAE7F /* UIView-KIFAdditions.h */,
				F9AF9BFE183FD23F00ABAE7F /* UIView-KIFAdditions.m */,
			);
			name = "KIF-Modified";
			sourceTree = "<group>";
		};
		F9B4A752159CCE100003D61E /* XSWI */ = {
			isa = PBXGroup;
			children = (
				F9AF9BF2183FD23100ABAE7F /* XMLWriter.h */,
				F9AF9BF3183FD23100ABAE7F /* XMLWriter.m */,
			);
			name = XSWI;
			sourceTree = "<group>";
		};
		F9B4A755159CCE100003D61E /* Models */ = {
			isa = PBXGroup;
			children = (
				F9AF9BE5183FD21A00ABAE7F /* Globals.h */,
				F9AF9BE6183FD21A00ABAE7F /* Globals.m */,
				F9AF9BE7183FD21A00ABAE7F /* ICConstants.h */,
				F9AF9BE8183FD21A00ABAE7F /* State.h */,
				F9AF9BE9183FD21A00ABAE7F /* State.m */,
				F9AF9BEA183FD21A00ABAE7F /* UIElement.h */,
				F9AF9BEB183FD21A00ABAE7F /* UIElement.m */,
				F9AF9BEC183FD21A00ABAE7F /* XMLNode.h */,
				F9AF9BED183FD21A00ABAE7F /* XMLNode.m */,
			);
			name = Models;
			sourceTree = "<group>";
		};
/* End PBXGroup section */

/* Begin PBXNativeTarget section */
		1D6058900D05DD3D006BFB54 /* Tabster */ = {
			isa = PBXNativeTarget;
			buildConfigurationList = 1D6058960D05DD3E006BFB54 /* Build configuration list for PBXNativeTarget "Tabster" */;
			buildPhases = (
				1D60588D0D05DD3D006BFB54 /* Resources */,
				1D60588E0D05DD3D006BFB54 /* Sources */,
				1D60588F0D05DD3D006BFB54 /* Frameworks */,
			);
			buildRules = (
			);
			dependencies = (
			);
			name = Tabster;
			productName = foo;
			productReference = 1D6058910D05DD3D006BFB54 /* Tabster.app */;
			productType = "com.apple.product-type.application";
		};
		F9AF9C2D183FD89F00ABAE7F /* TabsterMonkey */ = {
			isa = PBXNativeTarget;
			buildConfigurationList = F9AF9C71183FD89F00ABAE7F /* Build configuration list for PBXNativeTarget "TabsterMonkey" */;
			buildPhases = (
				F9AF9C2E183FD89F00ABAE7F /* Resources */,
				F9AF9C45183FD89F00ABAE7F /* Sources */,
				F9AF9C6D183FD89F00ABAE7F /* Frameworks */,
			);
			buildRules = (
			);
			dependencies = (
			);
			name = TabsterMonkey;
			productName = foo;
			productReference = F9AF9C74183FD89F00ABAE7F /* Tabster copy.app */;
			productType = "com.apple.product-type.application";
		};
/* End PBXNativeTarget section */

/* Begin PBXProject section */
		29B97313FDCFA39411CA2CEA /* Project object */ = {
			isa = PBXProject;
			attributes = {
				LastUpgradeCheck = 0430;
			};
			buildConfigurationList = C01FCF4E08A954540054247B /* Build configuration list for PBXProject "Tabster" */;
			compatibilityVersion = "Xcode 3.2";
			developmentRegion = English;
			hasScannedForEncodings = 1;
			knownRegions = (
				English,
				Japanese,
				French,
				German,
				en,
			);
			mainGroup = 29B97314FDCFA39411CA2CEA /* CustomTemplate */;
			projectDirPath = "";
			projectRoot = "";
			targets = (
				1D6058900D05DD3D006BFB54 /* Tabster */,
				F9AF9C2D183FD89F00ABAE7F /* TabsterMonkey */,
			);
		};
/* End PBXProject section */

/* Begin PBXResourcesBuildPhase section */
		1D60588D0D05DD3D006BFB54 /* Resources */ = {
			isa = PBXResourcesBuildPhase;
			buildActionMask = 2147483647;
			files = (
				53F798150DD143990039426E /* MainWindow.xib in Resources */,
				5354B6290FD08B7E000597B3 /* iPod_shuffle.png in Resources */,
				5354B62A0FD08B7E000597B3 /* iPod.png in Resources */,
				5354B62B0FD08B7E000597B3 /* iPod_touch.png in Resources */,
				5354B62C0FD08B7E000597B3 /* tab3.png in Resources */,
				5354B62D0FD08B7E000597B3 /* iPod_nano.png in Resources */,
				5354B62E0FD08B7E000597B3 /* tab1.png in Resources */,
				5354B62F0FD08B7E000597B3 /* tab2.png in Resources */,
				5331DEDC0FD5AAE500F2BF21 /* LandscapeView.xib in Resources */,
				5331DFAC0FD5B55500F2BF21 /* left.png in Resources */,
				5331DFAD0FD5B55500F2BF21 /* left_pressed.png in Resources */,
				535839F610051D9A00D97F7B /* ModalViewController.xib in Resources */,
				537383F1101E24B40023B560 /* FourViewController.xib in Resources */,
				5373844D101E2CBE0023B560 /* tab4.png in Resources */,
				530FE5DB128337EC00678AD0 /* Icon-72.png in Resources */,
				530FE5DC128337EC00678AD0 /* Icon-Small-50.png in Resources */,
				530FE5DD128337EC00678AD0 /* Icon-Small.png in Resources */,
				530FE5DE128337EC00678AD0 /* Icon-Small@2x.png in Resources */,
				530FE5DF128337EC00678AD0 /* Icon.png in Resources */,
				530FE5E0128337EC00678AD0 /* Icon@2x.png in Resources */,
				530FE5E1128337EC00678AD0 /* iTunesArtwork in Resources */,
				D0E6CCF313C780AC008F8E43 /* ReadMe.txt in Resources */,
			);
			runOnlyForDeploymentPostprocessing = 0;
		};
		F9AF9C2E183FD89F00ABAE7F /* Resources */ = {
			isa = PBXResourcesBuildPhase;
			buildActionMask = 2147483647;
			files = (
				F9AF9C2F183FD89F00ABAE7F /* MainWindow.xib in Resources */,
				F9AF9C30183FD89F00ABAE7F /* iPod_shuffle.png in Resources */,
				F9AF9C31183FD89F00ABAE7F /* iPod.png in Resources */,
				F9AF9C32183FD89F00ABAE7F /* iPod_touch.png in Resources */,
				F9AF9C33183FD89F00ABAE7F /* tab3.png in Resources */,
				F9AF9C34183FD89F00ABAE7F /* iPod_nano.png in Resources */,
				F9AF9C35183FD89F00ABAE7F /* tab1.png in Resources */,
				F9AF9C36183FD89F00ABAE7F /* tab2.png in Resources */,
				F9AF9C37183FD89F00ABAE7F /* LandscapeView.xib in Resources */,
				F9AF9C38183FD89F00ABAE7F /* left.png in Resources */,
				F9AF9C39183FD89F00ABAE7F /* left_pressed.png in Resources */,
				F9AF9C3A183FD89F00ABAE7F /* ModalViewController.xib in Resources */,
				F9AF9C3B183FD89F00ABAE7F /* FourViewController.xib in Resources */,
				F9AF9C3C183FD89F00ABAE7F /* tab4.png in Resources */,
				F9AF9C3D183FD89F00ABAE7F /* Icon-72.png in Resources */,
				F9AF9C3E183FD89F00ABAE7F /* Icon-Small-50.png in Resources */,
				F9AF9C3F183FD89F00ABAE7F /* Icon-Small.png in Resources */,
				F9AF9C40183FD89F00ABAE7F /* Icon-Small@2x.png in Resources */,
				F9AF9C41183FD89F00ABAE7F /* Icon.png in Resources */,
				F9AF9C42183FD89F00ABAE7F /* Icon@2x.png in Resources */,
				F9AF9C43183FD89F00ABAE7F /* iTunesArtwork in Resources */,
				F9AF9C44183FD89F00ABAE7F /* ReadMe.txt in Resources */,
			);
			runOnlyForDeploymentPostprocessing = 0;
		};
/* End PBXResourcesBuildPhase section */

/* Begin PBXSourcesBuildPhase section */
		1D60588E0D05DD3D006BFB54 /* Sources */ = {
			isa = PBXSourcesBuildPhase;
			buildActionMask = 2147483647;
			files = (
				1D60589B0D05DD56006BFB54 /* main.m in Sources */,
				5384C3EC0D63F6A3004318E5 /* AppDelegate.m in Sources */,
				5384C3F10D63F6AC004318E5 /* OneViewController.m in Sources */,
				53DEEA500DB17ECC00B56347 /* ThreeViewController.m in Sources */,
				537829480DD161E300223F02 /* TwoViewController.m in Sources */,
				5310DD060EA3EA7E00FC97E8 /* SubLevelViewController.m in Sources */,
				5331DEED0FD5AB6B00F2BF21 /* LandscapeViewController.m in Sources */,
				535839FB10051E0F00D97F7B /* ModalViewController.m in Sources */,
				53738411101E26960023B560 /* FourViewController.m in Sources */,
				5374702110238C2E008112B8 /* FeaturedViewController.m in Sources */,
				5374702910238CB4008112B8 /* FavoritesViewController.m in Sources */,
				F9AF9BD8183FD1E700ABAE7F /* ICrawlerController.m in Sources */,
				F9AF9BDB183FD1F900ABAE7F /* OutputComponent.m in Sources */,
				F9AF9BE2183FD20A00ABAE7F /* UINavigationBar+Additions.m in Sources */,
				F9AF9BE3183FD20A00ABAE7F /* UINavigationController+Additions.m in Sources */,
				F9AF9BE4183FD20A00ABAE7F /* UIViewController+Additions.m in Sources */,
				F9AF9BEE183FD21A00ABAE7F /* Globals.m in Sources */,
				F9AF9BEF183FD21A00ABAE7F /* State.m in Sources */,
				F9AF9BF0183FD21A00ABAE7F /* UIElement.m in Sources */,
				F9AF9BF1183FD21A00ABAE7F /* XMLNode.m in Sources */,
				F9AF9BF4183FD23100ABAE7F /* XMLWriter.m in Sources */,
				F9AF9BFF183FD23F00ABAE7F /* CGGeometry-KIFAdditions.m in Sources */,
				F9AF9C00183FD23F00ABAE7F /* KIFTestStep.m in Sources */,
				F9AF9C01183FD23F00ABAE7F /* UIApplication-KIFAdditions.m in Sources */,
				F9AF9C02183FD23F00ABAE7F /* UITouch-KIFAdditions.m in Sources */,
				F9AF9C03183FD23F00ABAE7F /* UIView-KIFAdditions.m in Sources */,
				F9AF9C06183FD25500ABAE7F /* DCIntrospect.m in Sources */,
				F9AF9C21183FD27900ABAE7F /* GraphConstants.m in Sources */,
				F9AF9C22183FD27900ABAE7F /* GraphEdge.m in Sources */,
				F9AF9C23183FD27900ABAE7F /* GraphNode.m in Sources */,
				F9AF9C24183FD27900ABAE7F /* GraphSearchAStar.m in Sources */,
				F9AF9C25183FD27900ABAE7F /* GraphSearchBFS.m in Sources */,
				F9AF9C26183FD27900ABAE7F /* GraphSearchDFS.m in Sources */,
				F9AF9C27183FD27900ABAE7F /* GraphSearchDijkstra.m in Sources */,
				F9AF9C28183FD27900ABAE7F /* HeuristicEuclid.m in Sources */,
				F9AF9C29183FD27900ABAE7F /* HeuristicManhattan.m in Sources */,
				F9AF9C2A183FD27900ABAE7F /* IndexedPriorityQLow.m in Sources */,
				F9AF9C2B183FD27900ABAE7F /* NavGraphNode.m in Sources */,
				F9AF9C2C183FD27900ABAE7F /* SparseGraph.m in Sources */,
			);
			runOnlyForDeploymentPostprocessing = 0;
		};
		F9AF9C45183FD89F00ABAE7F /* Sources */ = {
			isa = PBXSourcesBuildPhase;
			buildActionMask = 2147483647;
			files = (
				F9AF9C46183FD89F00ABAE7F /* main.m in Sources */,
				F9AF9C47183FD89F00ABAE7F /* AppDelegate.m in Sources */,
				F9AF9C48183FD89F00ABAE7F /* OneViewController.m in Sources */,
				F9AF9C49183FD89F00ABAE7F /* ThreeViewController.m in Sources */,
				F9AF9C4A183FD89F00ABAE7F /* TwoViewController.m in Sources */,
				F9AF9C4B183FD89F00ABAE7F /* SubLevelViewController.m in Sources */,
				F9AF9C4C183FD89F00ABAE7F /* LandscapeViewController.m in Sources */,
				F9AF9C4D183FD89F00ABAE7F /* ModalViewController.m in Sources */,
				F9AF9C4E183FD89F00ABAE7F /* FourViewController.m in Sources */,
				F9AF9C4F183FD89F00ABAE7F /* FeaturedViewController.m in Sources */,
				F9AF9C50183FD89F00ABAE7F /* FavoritesViewController.m in Sources */,
				F9AF9C51183FD89F00ABAE7F /* ICrawlerController.m in Sources */,
				F9AF9C52183FD89F00ABAE7F /* OutputComponent.m in Sources */,
				F9AF9C53183FD89F00ABAE7F /* UINavigationBar+Additions.m in Sources */,
				F9AF9C54183FD89F00ABAE7F /* UINavigationController+Additions.m in Sources */,
				F9AF9C55183FD89F00ABAE7F /* UIViewController+Additions.m in Sources */,
				F9AF9C56183FD89F00ABAE7F /* Globals.m in Sources */,
				F9AF9C57183FD89F00ABAE7F /* State.m in Sources */,
				F9AF9C58183FD89F00ABAE7F /* UIElement.m in Sources */,
				F9AF9C59183FD89F00ABAE7F /* XMLNode.m in Sources */,
				F9AF9C5A183FD89F00ABAE7F /* XMLWriter.m in Sources */,
				F9AF9C5B183FD89F00ABAE7F /* CGGeometry-KIFAdditions.m in Sources */,
				F9AF9C5C183FD89F00ABAE7F /* KIFTestStep.m in Sources */,
				F9AF9C5D183FD89F00ABAE7F /* UIApplication-KIFAdditions.m in Sources */,
				F9AF9C5E183FD89F00ABAE7F /* UITouch-KIFAdditions.m in Sources */,
				F9AF9C5F183FD89F00ABAE7F /* UIView-KIFAdditions.m in Sources */,
				F9AF9C60183FD89F00ABAE7F /* DCIntrospect.m in Sources */,
				F9AF9C61183FD89F00ABAE7F /* GraphConstants.m in Sources */,
				F9AF9C62183FD89F00ABAE7F /* GraphEdge.m in Sources */,
				F9AF9C63183FD89F00ABAE7F /* GraphNode.m in Sources */,
				F9AF9C64183FD89F00ABAE7F /* GraphSearchAStar.m in Sources */,
				F9AF9C65183FD89F00ABAE7F /* GraphSearchBFS.m in Sources */,
				F9AF9C66183FD89F00ABAE7F /* GraphSearchDFS.m in Sources */,
				F9AF9C67183FD89F00ABAE7F /* GraphSearchDijkstra.m in Sources */,
				F9AF9C68183FD89F00ABAE7F /* HeuristicEuclid.m in Sources */,
				F9AF9C69183FD89F00ABAE7F /* HeuristicManhattan.m in Sources */,
				F9AF9C6A183FD89F00ABAE7F /* IndexedPriorityQLow.m in Sources */,
				F9AF9C6B183FD89F00ABAE7F /* NavGraphNode.m in Sources */,
				F9AF9C6C183FD89F00ABAE7F /* SparseGraph.m in Sources */,
			);
			runOnlyForDeploymentPostprocessing = 0;
		};
/* End PBXSourcesBuildPhase section */

/* Begin PBXVariantGroup section */
		5331DEDA0FD5AAE500F2BF21 /* LandscapeView.xib */ = {
			isa = PBXVariantGroup;
			children = (
				5331DEDB0FD5AAE500F2BF21 /* en */,
			);
			name = LandscapeView.xib;
			sourceTree = "<group>";
		};
		535839F410051D9A00D97F7B /* ModalViewController.xib */ = {
			isa = PBXVariantGroup;
			children = (
				535839F510051D9A00D97F7B /* en */,
			);
			name = ModalViewController.xib;
			sourceTree = "<group>";
		};
		537383EF101E24B40023B560 /* FourViewController.xib */ = {
			isa = PBXVariantGroup;
			children = (
				537383F0101E24B40023B560 /* en */,
			);
			name = FourViewController.xib;
			sourceTree = "<group>";
		};
		53F7980F0DD143990039426E /* MainWindow.xib */ = {
			isa = PBXVariantGroup;
			children = (
				53F798100DD143990039426E /* en */,
			);
			name = MainWindow.xib;
			sourceTree = "<group>";
		};
/* End PBXVariantGroup section */

/* Begin XCBuildConfiguration section */
		1D6058940D05DD3E006BFB54 /* Debug */ = {
			isa = XCBuildConfiguration;
			buildSettings = {
				"CODE_SIGN_IDENTITY[sdk=iphoneos*]" = "iPhone Developer";
				COPY_PHASE_STRIP = NO;
				DEBUG_INFORMATION_FORMAT = "dwarf-with-dsym";
				GCC_C_LANGUAGE_STANDARD = c99;
				GCC_DYNAMIC_NO_PIC = NO;
				GCC_OPTIMIZATION_LEVEL = 0;
				GCC_PRECOMPILE_PREFIX_HEADER = YES;
				GCC_PREFIX_HEADER = Prefix.pch;
				GCC_VERSION = com.apple.compilers.llvm.clang.1_0;
				INFOPLIST_FILE = Info.plist;
				INSTALL_PATH = /Applications;
				PRODUCT_NAME = Tabster;
				WRAPPER_EXTENSION = app;
			};
			name = Debug;
		};
		1D6058950D05DD3E006BFB54 /* Release */ = {
			isa = XCBuildConfiguration;
			buildSettings = {
				"CODE_SIGN_IDENTITY[sdk=iphoneos*]" = "iPhone Developer";
				COPY_PHASE_STRIP = YES;
				DEBUG_INFORMATION_FORMAT = "dwarf-with-dsym";
				GCC_PRECOMPILE_PREFIX_HEADER = YES;
				GCC_PREFIX_HEADER = Prefix.pch;
				GCC_VERSION = com.apple.compilers.llvm.clang.1_0;
				INFOPLIST_FILE = Info.plist;
				INSTALL_PATH = /Applications;
				PRODUCT_NAME = Tabster;
				WRAPPER_EXTENSION = app;
			};
			name = Release;
		};
		C01FCF4F08A954540054247B /* Debug */ = {
			isa = XCBuildConfiguration;
			buildSettings = {
				ALWAYS_SEARCH_USER_PATHS = NO;
				ARCHS = "$(ARCHS_STANDARD_32_BIT)";
				CODE_SIGN_IDENTITY = "iPhone Developer";
				CODE_SIGN_RESOURCE_RULES_PATH = "";
				GCC_C_LANGUAGE_STANDARD = c99;
				GCC_GENERATE_TEST_COVERAGE_FILES = YES;
				GCC_INSTRUMENT_PROGRAM_FLOW_ARCS = YES;
				GCC_VERSION = com.apple.compilers.llvm.clang.1_0;
				GCC_WARN_ABOUT_MISSING_PROTOTYPES = YES;
				IPHONEOS_DEPLOYMENT_TARGET = 4.0;
				ONLY_ACTIVE_ARCH = YES;
				OTHER_CFLAGS = "";
				OTHER_CODE_SIGN_FLAGS = "";
				PROVISIONING_PROFILE = "";
				SDKROOT = iphoneos;
			};
			name = Debug;
		};
		C01FCF5008A954540054247B /* Release */ = {
			isa = XCBuildConfiguration;
			buildSettings = {
				ARCHS = "$(ARCHS_STANDARD_32_BIT)";
				CODE_SIGN_IDENTITY = "iPhone Developer";
				CODE_SIGN_RESOURCE_RULES_PATH = "";
				GCC_GENERATE_TEST_COVERAGE_FILES = YES;
				GCC_INSTRUMENT_PROGRAM_FLOW_ARCS = YES;
				GCC_WARN_ABOUT_MISSING_PROTOTYPES = YES;
				IPHONEOS_DEPLOYMENT_TARGET = 4.0;
				OTHER_CFLAGS = "";
				OTHER_CODE_SIGN_FLAGS = "";
				PROVISIONING_PROFILE = "";
				SDKROOT = iphoneos;
			};
			name = Release;
		};
		F9AF9C72183FD89F00ABAE7F /* Debug */ = {
			isa = XCBuildConfiguration;
			buildSettings = {
				"CODE_SIGN_IDENTITY[sdk=iphoneos*]" = "iPhone Developer";
				COPY_PHASE_STRIP = NO;
				DEBUG_INFORMATION_FORMAT = "dwarf-with-dsym";
				GCC_C_LANGUAGE_STANDARD = c99;
				GCC_DYNAMIC_NO_PIC = NO;
				GCC_OPTIMIZATION_LEVEL = 0;
				GCC_PRECOMPILE_PREFIX_HEADER = YES;
				GCC_PREFIX_HEADER = Prefix.pch;
				GCC_VERSION = com.apple.compilers.llvm.clang.1_0;
				INFOPLIST_FILE = "Tabster copy-Info.plist";
				INSTALL_PATH = /Applications;
				LIBRARY_SEARCH_PATHS = (
					"$(inherited)",
					"\"$(SRCROOT)\"",
				);
				OTHER_LDFLAGS = "-all_load";
				PRODUCT_NAME = "Tabster copy";
				WRAPPER_EXTENSION = app;
			};
			name = Debug;
		};
		F9AF9C73183FD89F00ABAE7F /* Release */ = {
			isa = XCBuildConfiguration;
			buildSettings = {
				"CODE_SIGN_IDENTITY[sdk=iphoneos*]" = "iPhone Developer";
				COPY_PHASE_STRIP = YES;
				DEBUG_INFORMATION_FORMAT = "dwarf-with-dsym";
				GCC_PRECOMPILE_PREFIX_HEADER = YES;
				GCC_PREFIX_HEADER = Prefix.pch;
				GCC_VERSION = com.apple.compilers.llvm.clang.1_0;
				INFOPLIST_FILE = "Tabster copy-Info.plist";
				INSTALL_PATH = /Applications;
				LIBRARY_SEARCH_PATHS = (
					"$(inherited)",
					"\"$(SRCROOT)\"",
				);
				OTHER_LDFLAGS = "-all_load";
				PRODUCT_NAME = "Tabster copy";
				WRAPPER_EXTENSION = app;
			};
			name = Release;
		};
		F9AFA24F1841B41C00ABAE7F /* Coverage */ = {
			isa = XCBuildConfiguration;
			buildSettings = {
				ALWAYS_SEARCH_USER_PATHS = NO;
				ARCHS = "$(ARCHS_STANDARD_32_BIT)";
				CODE_SIGN_IDENTITY = "iPhone Developer";
				CODE_SIGN_RESOURCE_RULES_PATH = "";
				GCC_C_LANGUAGE_STANDARD = c99;
				GCC_GENERATE_TEST_COVERAGE_FILES = YES;
				GCC_INSTRUMENT_PROGRAM_FLOW_ARCS = YES;
				GCC_VERSION = com.apple.compilers.llvm.clang.1_0;
				GCC_WARN_ABOUT_MISSING_PROTOTYPES = YES;
				IPHONEOS_DEPLOYMENT_TARGET = 4.0;
				ONLY_ACTIVE_ARCH = YES;
				OTHER_CFLAGS = (
					"-ftest-coverage",
					"-fprofile-arcs",
				);
				OTHER_CODE_SIGN_FLAGS = "";
				OTHER_LDFLAGS = "-lprofile_rt";
				PROVISIONING_PROFILE = "";
				SDKROOT = iphoneos;
			};
			name = Coverage;
		};
		F9AFA2501841B41C00ABAE7F /* Coverage */ = {
			isa = XCBuildConfiguration;
			buildSettings = {
				"CODE_SIGN_IDENTITY[sdk=iphoneos*]" = "iPhone Developer";
				COPY_PHASE_STRIP = NO;
				DEBUG_INFORMATION_FORMAT = "dwarf-with-dsym";
				GCC_C_LANGUAGE_STANDARD = c99;
				GCC_DYNAMIC_NO_PIC = NO;
				GCC_OPTIMIZATION_LEVEL = 0;
				GCC_PRECOMPILE_PREFIX_HEADER = YES;
				GCC_PREFIX_HEADER = Prefix.pch;
				GCC_VERSION = com.apple.compilers.llvm.clang.1_0;
				INFOPLIST_FILE = Info.plist;
				INSTALL_PATH = /Applications;
				PRODUCT_NAME = Tabster;
				WRAPPER_EXTENSION = app;
			};
			name = Coverage;
		};
		F9AFA2511841B41C00ABAE7F /* Coverage */ = {
			isa = XCBuildConfiguration;
			buildSettings = {
				"CODE_SIGN_IDENTITY[sdk=iphoneos*]" = "iPhone Developer";
				COPY_PHASE_STRIP = NO;
				DEBUG_INFORMATION_FORMAT = "dwarf-with-dsym";
				GCC_C_LANGUAGE_STANDARD = c99;
				GCC_DYNAMIC_NO_PIC = NO;
				GCC_OPTIMIZATION_LEVEL = 0;
				GCC_PRECOMPILE_PREFIX_HEADER = YES;
				GCC_PREFIX_HEADER = Prefix.pch;
				GCC_VERSION = com.apple.compilers.llvm.clang.1_0;
				INFOPLIST_FILE = "Tabster copy-Info.plist";
				INSTALL_PATH = /Applications;
				LIBRARY_SEARCH_PATHS = (
					"$(inherited)",
					"\"$(SRCROOT)\"",
				);
				OTHER_LDFLAGS = "-all_load";
				PRODUCT_NAME = "Tabster copy";
				WRAPPER_EXTENSION = app;
			};
			name = Coverage;
		};
/* End XCBuildConfiguration section */

/* Begin XCConfigurationList section */
		1D6058960D05DD3E006BFB54 /* Build configuration list for PBXNativeTarget "Tabster" */ = {
			isa = XCConfigurationList;
			buildConfigurations = (
				1D6058940D05DD3E006BFB54 /* Debug */,
				F9AFA2501841B41C00ABAE7F /* Coverage */,
				1D6058950D05DD3E006BFB54 /* Release */,
			);
			defaultConfigurationIsVisible = 0;
			defaultConfigurationName = Release;
		};
		C01FCF4E08A954540054247B /* Build configuration list for PBXProject "Tabster" */ = {
			isa = XCConfigurationList;
			buildConfigurations = (
				C01FCF4F08A954540054247B /* Debug */,
				F9AFA24F1841B41C00ABAE7F /* Coverage */,
				C01FCF5008A954540054247B /* Release */,
			);
			defaultConfigurationIsVisible = 0;
			defaultConfigurationName = Release;
		};
		F9AF9C71183FD89F00ABAE7F /* Build configuration list for PBXNativeTarget "TabsterMonkey" */ = {
			isa = XCConfigurationList;
			buildConfigurations = (
				F9AF9C72183FD89F00ABAE7F /* Debug */,
				F9AFA2511841B41C00ABAE7F /* Coverage */,
				F9AF9C73183FD89F00ABAE7F /* Release */,
			);
			defaultConfigurationIsVisible = 0;
			defaultConfigurationName = Release;
		};
/* End XCConfigurationList section */
	};
	rootObject = 29B97313FDCFA39411CA2CEA /* Project object */;
}
