// !$*UTF8*$!
{
	archiveVersion = 1;
	classes = {
	};
	objectVersion = 45;
	objects = {

/* Begin PBXBuildFile section */
		1D3623260D0F684500981E51 /* NavAppDelegate.m in Sources */ = {isa = PBXBuildFile; fileRef = 1D3623250D0F684500981E51 /* NavAppDelegate.m */; };
		1D60589B0D05DD56006BFB54 /* main.m in Sources */ = {isa = PBXBuildFile; fileRef = 29B97316FDCFA39411CA2CEA /* main.m */; };
		1D60589F0D05DD5A006BFB54 /* Foundation.framework in Frameworks */ = {isa = PBXBuildFile; fileRef = 1D30AB110D05D00D00671497 /* Foundation.framework */; };
		1DF5F4E00D08C38300B7A737 /* UIKit.framework in Frameworks */ = {isa = PBXBuildFile; fileRef = 1DF5F4DF0D08C38300B7A737 /* UIKit.framework */; };
		1F8B60410F9F75E700FEB745 /* DisclosureDetail.xib in Resources */ = {isa = PBXBuildFile; fileRef = 1F8B60400F9F75E700FEB745 /* DisclosureDetail.xib */; };
		1F8B61090F9F8DF900FEB745 /* button_up.png in Resources */ = {isa = PBXBuildFile; fileRef = 1F8B61070F9F8DF900FEB745 /* button_up.png */; };
		288765FD0DF74451002DB57D /* CoreGraphics.framework in Frameworks */ = {isa = PBXBuildFile; fileRef = 288765FC0DF74451002DB57D /* CoreGraphics.framework */; };
		28AD733F0D9D9553002E5188 /* MainWindow.xib in Resources */ = {isa = PBXBuildFile; fileRef = 28AD733E0D9D9553002E5188 /* MainWindow.xib */; };
		F904CBBF1628939F006334EB /* Entitlements.plist in Resources */ = {isa = PBXBuildFile; fileRef = F904CBBE1628939F006334EB /* Entitlements.plist */; };
		F9055BE41558306C0015B768 /* XMLWriter.m in Sources */ = {isa = PBXBuildFile; fileRef = F9055BE31558306C0015B768 /* XMLWriter.m */; };
		F9055BE51558306C0015B768 /* XMLWriter.m in Sources */ = {isa = PBXBuildFile; fileRef = F9055BE31558306C0015B768 /* XMLWriter.m */; };
		F9055D4815587F090015B768 /* DCIntrospect.m in Sources */ = {isa = PBXBuildFile; fileRef = F9055D4715587F090015B768 /* DCIntrospect.m */; };
		F9055D4915587F090015B768 /* DCIntrospect.m in Sources */ = {isa = PBXBuildFile; fileRef = F9055D4715587F090015B768 /* DCIntrospect.m */; };
		F937C143153106190056812B /* State.m in Sources */ = {isa = PBXBuildFile; fileRef = F937C142153106190056812B /* State.m */; };
		F937C144153106190056812B /* State.m in Sources */ = {isa = PBXBuildFile; fileRef = F937C142153106190056812B /* State.m */; };
		F937C197153117660056812B /* Globals.m in Sources */ = {isa = PBXBuildFile; fileRef = F937C196153117660056812B /* Globals.m */; };
		F937C198153117660056812B /* Globals.m in Sources */ = {isa = PBXBuildFile; fileRef = F937C196153117660056812B /* Globals.m */; };
		F942372C153CA7E60031BBDC /* UIElement.m in Sources */ = {isa = PBXBuildFile; fileRef = F942372B153CA7E60031BBDC /* UIElement.m */; };
		F942372D153CA7E60031BBDC /* UIElement.m in Sources */ = {isa = PBXBuildFile; fileRef = F942372B153CA7E60031BBDC /* UIElement.m */; };
		F96DF652154087940011D417 /* UIViewController+Additions.m in Sources */ = {isa = PBXBuildFile; fileRef = F96DF651154087940011D417 /* UIViewController+Additions.m */; };
		F96DF653154087940011D417 /* UIViewController+Additions.m in Sources */ = {isa = PBXBuildFile; fileRef = F96DF651154087940011D417 /* UIViewController+Additions.m */; };
		F97594FA151A4D0600CD6BF6 /* NavigationTestAppRootViewController.m in Sources */ = {isa = PBXBuildFile; fileRef = F97594F8151A4D0600CD6BF6 /* NavigationTestAppRootViewController.m */; };
		F97594FB151A4D0600CD6BF6 /* NavigationTestAppRootViewController.xib in Resources */ = {isa = PBXBuildFile; fileRef = F97594F9151A4D0600CD6BF6 /* NavigationTestAppRootViewController.xib */; };
		F97F2D78152A7B2C0019C121 /* MainWindow.xib in Resources */ = {isa = PBXBuildFile; fileRef = 28AD733E0D9D9553002E5188 /* MainWindow.xib */; };
		F97F2D7A152A7B2C0019C121 /* DisclosureDetail.xib in Resources */ = {isa = PBXBuildFile; fileRef = 1F8B60400F9F75E700FEB745 /* DisclosureDetail.xib */; };
		F97F2D82152A7B2C0019C121 /* button_up.png in Resources */ = {isa = PBXBuildFile; fileRef = 1F8B61070F9F8DF900FEB745 /* button_up.png */; };
		F97F2D85152A7B2C0019C121 /* NavigationTestAppRootViewController.xib in Resources */ = {isa = PBXBuildFile; fileRef = F97594F9151A4D0600CD6BF6 /* NavigationTestAppRootViewController.xib */; };
		F97F2D86152A7B2C0019C121 /* WebViewController.xib in Resources */ = {isa = PBXBuildFile; fileRef = F9A9D4B8151A6AC8002E0BBD /* WebViewController.xib */; };
		F97F2D87152A7B2C0019C121 /* HTMLPageViewController.xib in Resources */ = {isa = PBXBuildFile; fileRef = F9A9D4BE151A6AF9002E0BBD /* HTMLPageViewController.xib */; };
		F97F2D88152A7B2C0019C121 /* DetailsViewController1.xib in Resources */ = {isa = PBXBuildFile; fileRef = F9A9D4CA151A6B62002E0BBD /* DetailsViewController1.xib */; };
		F97F2D89152A7B2C0019C121 /* ListingViewController1.xib in Resources */ = {isa = PBXBuildFile; fileRef = F9A9D4CD151A6B62002E0BBD /* ListingViewController1.xib */; };
		F97F2D8A152A7B2C0019C121 /* ListingTableViewCell.xib in Resources */ = {isa = PBXBuildFile; fileRef = F9A9D5FA151A94A5002E0BBD /* ListingTableViewCell.xib */; };
		F97F2D8B152A7B2C0019C121 /* button_back.png in Resources */ = {isa = PBXBuildFile; fileRef = F9A9D64B151A9BCB002E0BBD /* button_back.png */; };
		F97F2D8C152A7B2C0019C121 /* DynamicViewController.xib in Resources */ = {isa = PBXBuildFile; fileRef = F9A90923152539C700FB1FE0 /* DynamicViewController.xib */; };
		F97F2D8E152A7B2C0019C121 /* main.m in Sources */ = {isa = PBXBuildFile; fileRef = 29B97316FDCFA39411CA2CEA /* main.m */; };
		F97F2D8F152A7B2C0019C121 /* NavAppDelegate.m in Sources */ = {isa = PBXBuildFile; fileRef = 1D3623250D0F684500981E51 /* NavAppDelegate.m */; };
		F97F2D9F152A7B2C0019C121 /* NavigationTestAppRootViewController.m in Sources */ = {isa = PBXBuildFile; fileRef = F97594F8151A4D0600CD6BF6 /* NavigationTestAppRootViewController.m */; };
		F97F2DA0152A7B2C0019C121 /* WebViewController.m in Sources */ = {isa = PBXBuildFile; fileRef = F9A9D4B7151A6AC8002E0BBD /* WebViewController.m */; };
		F97F2DA1152A7B2C0019C121 /* HTMLPageViewController.m in Sources */ = {isa = PBXBuildFile; fileRef = F9A9D4BD151A6AF9002E0BBD /* HTMLPageViewController.m */; };
		F97F2DA2152A7B2C0019C121 /* DetailsViewController1.m in Sources */ = {isa = PBXBuildFile; fileRef = F9A9D4C9151A6B62002E0BBD /* DetailsViewController1.m */; };
		F97F2DA3152A7B2C0019C121 /* ListingViewController1.m in Sources */ = {isa = PBXBuildFile; fileRef = F9A9D4CC151A6B62002E0BBD /* ListingViewController1.m */; };
		F97F2DA4152A7B2C0019C121 /* SharedViewController.m in Sources */ = {isa = PBXBuildFile; fileRef = F9A9D4D8151A6EF6002E0BBD /* SharedViewController.m */; };
		F97F2DA5152A7B2C0019C121 /* ListingTableViewCell.m in Sources */ = {isa = PBXBuildFile; fileRef = F9A9D5F9151A94A5002E0BBD /* ListingTableViewCell.m */; };
		F97F2DA6152A7B2C0019C121 /* DynamicViewController.m in Sources */ = {isa = PBXBuildFile; fileRef = F9A90922152539C700FB1FE0 /* DynamicViewController.m */; };
		F97F2DAB152A7B2C0019C121 /* Foundation.framework in Frameworks */ = {isa = PBXBuildFile; fileRef = 1D30AB110D05D00D00671497 /* Foundation.framework */; };
		F97F2DAC152A7B2C0019C121 /* UIKit.framework in Frameworks */ = {isa = PBXBuildFile; fileRef = 1DF5F4DF0D08C38300B7A737 /* UIKit.framework */; };
		F97F2DAD152A7B2C0019C121 /* CoreGraphics.framework in Frameworks */ = {isa = PBXBuildFile; fileRef = 288765FC0DF74451002DB57D /* CoreGraphics.framework */; };
		F97F2DAE152A7B2C0019C121 /* QuartzCore.framework in Frameworks */ = {isa = PBXBuildFile; fileRef = F9A163A01516666E00CDF05C /* QuartzCore.framework */; };
		F97F2DAF152A7B2C0019C121 /* MessageUI.framework in Frameworks */ = {isa = PBXBuildFile; fileRef = F9A9D619151A9900002E0BBD /* MessageUI.framework */; };
		F9A163A11516666E00CDF05C /* QuartzCore.framework in Frameworks */ = {isa = PBXBuildFile; fileRef = F9A163A01516666E00CDF05C /* QuartzCore.framework */; };
		F9A90924152539C700FB1FE0 /* DynamicViewController.m in Sources */ = {isa = PBXBuildFile; fileRef = F9A90922152539C700FB1FE0 /* DynamicViewController.m */; };
		F9A90925152539C700FB1FE0 /* DynamicViewController.xib in Resources */ = {isa = PBXBuildFile; fileRef = F9A90923152539C700FB1FE0 /* DynamicViewController.xib */; };
		F9A9D4B9151A6AC8002E0BBD /* WebViewController.m in Sources */ = {isa = PBXBuildFile; fileRef = F9A9D4B7151A6AC8002E0BBD /* WebViewController.m */; };
		F9A9D4BA151A6AC8002E0BBD /* WebViewController.xib in Resources */ = {isa = PBXBuildFile; fileRef = F9A9D4B8151A6AC8002E0BBD /* WebViewController.xib */; };
		F9A9D4BF151A6AF9002E0BBD /* HTMLPageViewController.m in Sources */ = {isa = PBXBuildFile; fileRef = F9A9D4BD151A6AF9002E0BBD /* HTMLPageViewController.m */; };
		F9A9D4C0151A6AF9002E0BBD /* HTMLPageViewController.xib in Resources */ = {isa = PBXBuildFile; fileRef = F9A9D4BE151A6AF9002E0BBD /* HTMLPageViewController.xib */; };
		F9A9D4CE151A6B62002E0BBD /* DetailsViewController1.m in Sources */ = {isa = PBXBuildFile; fileRef = F9A9D4C9151A6B62002E0BBD /* DetailsViewController1.m */; };
		F9A9D4CF151A6B62002E0BBD /* DetailsViewController1.xib in Resources */ = {isa = PBXBuildFile; fileRef = F9A9D4CA151A6B62002E0BBD /* DetailsViewController1.xib */; };
		F9A9D4D0151A6B62002E0BBD /* ListingViewController1.m in Sources */ = {isa = PBXBuildFile; fileRef = F9A9D4CC151A6B62002E0BBD /* ListingViewController1.m */; };
		F9A9D4D1151A6B62002E0BBD /* ListingViewController1.xib in Resources */ = {isa = PBXBuildFile; fileRef = F9A9D4CD151A6B62002E0BBD /* ListingViewController1.xib */; };
		F9A9D4D9151A6EF6002E0BBD /* SharedViewController.m in Sources */ = {isa = PBXBuildFile; fileRef = F9A9D4D8151A6EF6002E0BBD /* SharedViewController.m */; };
		F9A9D5FB151A94A5002E0BBD /* ListingTableViewCell.m in Sources */ = {isa = PBXBuildFile; fileRef = F9A9D5F9151A94A5002E0BBD /* ListingTableViewCell.m */; };
		F9A9D5FC151A94A5002E0BBD /* ListingTableViewCell.xib in Resources */ = {isa = PBXBuildFile; fileRef = F9A9D5FA151A94A5002E0BBD /* ListingTableViewCell.xib */; };
		F9A9D61A151A9900002E0BBD /* MessageUI.framework in Frameworks */ = {isa = PBXBuildFile; fileRef = F9A9D619151A9900002E0BBD /* MessageUI.framework */; };
		F9A9D64D151A9BCB002E0BBD /* button_back.png in Resources */ = {isa = PBXBuildFile; fileRef = F9A9D64B151A9BCB002E0BBD /* button_back.png */; };
		F9B8FD98154DDCAA0016FE93 /* button_close.png in Resources */ = {isa = PBXBuildFile; fileRef = F9B8FD97154DDCAA0016FE93 /* button_close.png */; };
		F9B8FD99154DDCAA0016FE93 /* button_close.png in Resources */ = {isa = PBXBuildFile; fileRef = F9B8FD97154DDCAA0016FE93 /* button_close.png */; };
		F9DF2047155088D40020EF24 /* UIView-KIFAdditions.m in Sources */ = {isa = PBXBuildFile; fileRef = F9DF2046155088D40020EF24 /* UIView-KIFAdditions.m */; };
		F9DF2048155088D40020EF24 /* UIView-KIFAdditions.m in Sources */ = {isa = PBXBuildFile; fileRef = F9DF2046155088D40020EF24 /* UIView-KIFAdditions.m */; };
		F9DF204D1550891F0020EF24 /* CGGeometry-KIFAdditions.m in Sources */ = {isa = PBXBuildFile; fileRef = F9DF204C1550891F0020EF24 /* CGGeometry-KIFAdditions.m */; };
		F9DF204E1550891F0020EF24 /* CGGeometry-KIFAdditions.m in Sources */ = {isa = PBXBuildFile; fileRef = F9DF204C1550891F0020EF24 /* CGGeometry-KIFAdditions.m */; };
		F9DF206C155089E30020EF24 /* UITouch-KIFAdditions.m in Sources */ = {isa = PBXBuildFile; fileRef = F9DF206B155089E30020EF24 /* UITouch-KIFAdditions.m */; };
		F9DF206D155089E30020EF24 /* UITouch-KIFAdditions.m in Sources */ = {isa = PBXBuildFile; fileRef = F9DF206B155089E30020EF24 /* UITouch-KIFAdditions.m */; };
		F9DF20F515508FAB0020EF24 /* IntegrationTests-Info.plist in Resources */ = {isa = PBXBuildFile; fileRef = F9DF20F415508FAB0020EF24 /* IntegrationTests-Info.plist */; };
		F9E717FF1565BDDD00F26EC5 /* ICrawlTestController.m in Sources */ = {isa = PBXBuildFile; fileRef = F94236E6153C904A0031BBDC /* ICrawlTestController.m */; };
		F9E82462157D303F00C09A7B /* XMLNode.m in Sources */ = {isa = PBXBuildFile; fileRef = F9E82461157D303F00C09A7B /* XMLNode.m */; };
		F9E82463157D303F00C09A7B /* XMLNode.m in Sources */ = {isa = PBXBuildFile; fileRef = F9E82461157D303F00C09A7B /* XMLNode.m */; };
		F9E82595157DA65400C09A7B /* TextViewViewController.m in Sources */ = {isa = PBXBuildFile; fileRef = F9E82593157DA65400C09A7B /* TextViewViewController.m */; };
		F9E82596157DA65400C09A7B /* TextViewViewController.xib in Resources */ = {isa = PBXBuildFile; fileRef = F9E82594157DA65400C09A7B /* TextViewViewController.xib */; };
		F9E82597157DA65400C09A7B /* TextViewViewController.m in Sources */ = {isa = PBXBuildFile; fileRef = F9E82593157DA65400C09A7B /* TextViewViewController.m */; };
		F9E82598157DA65400C09A7B /* TextViewViewController.xib in Resources */ = {isa = PBXBuildFile; fileRef = F9E82594157DA65400C09A7B /* TextViewViewController.xib */; };
		F9E82640157DAD2700C09A7B /* button_done.png in Resources */ = {isa = PBXBuildFile; fileRef = F9E8263F157DAD2700C09A7B /* button_done.png */; };
		F9E82641157DAD2700C09A7B /* button_done.png in Resources */ = {isa = PBXBuildFile; fileRef = F9E8263F157DAD2700C09A7B /* button_done.png */; };
		F9E826F7157E712E00C09A7B /* KIFTestStep.m in Sources */ = {isa = PBXBuildFile; fileRef = F9E826F6157E712E00C09A7B /* KIFTestStep.m */; };
		F9E826F8157E712E00C09A7B /* KIFTestStep.m in Sources */ = {isa = PBXBuildFile; fileRef = F9E826F6157E712E00C09A7B /* KIFTestStep.m */; };
		F9E82725157E747800C09A7B /* UIApplication-KIFAdditions.m in Sources */ = {isa = PBXBuildFile; fileRef = F9E82724157E747800C09A7B /* UIApplication-KIFAdditions.m */; };
		F9E82726157E747800C09A7B /* UIApplication-KIFAdditions.m in Sources */ = {isa = PBXBuildFile; fileRef = F9E82724157E747800C09A7B /* UIApplication-KIFAdditions.m */; };
		F9E82981157EB17300C09A7B /* Icon.png in Resources */ = {isa = PBXBuildFile; fileRef = F9E8297B157EB17300C09A7B /* Icon.png */; };
		F9E82987157EB17300C09A7B /* Icon.png in Resources */ = {isa = PBXBuildFile; fileRef = F9E8297B157EB17300C09A7B /* Icon.png */; };
/* End PBXBuildFile section */

/* Begin PBXFileReference section */
		1D30AB110D05D00D00671497 /* Foundation.framework */ = {isa = PBXFileReference; lastKnownFileType = wrapper.framework; name = Foundation.framework; path = System/Library/Frameworks/Foundation.framework; sourceTree = SDKROOT; };
		1D3623240D0F684500981E51 /* NavAppDelegate.h */ = {isa = PBXFileReference; fileEncoding = 4; lastKnownFileType = sourcecode.c.h; name = NavAppDelegate.h; path = Classes/NavAppDelegate.h; sourceTree = "<group>"; };
		1D3623250D0F684500981E51 /* NavAppDelegate.m */ = {isa = PBXFileReference; fileEncoding = 4; lastKnownFileType = sourcecode.c.objc; name = NavAppDelegate.m; path = Classes/NavAppDelegate.m; sourceTree = "<group>"; };
		1D6058910D05DD3D006BFB54 /* iCrawlTest.app */ = {isa = PBXFileReference; explicitFileType = wrapper.application; includeInIndex = 0; path = iCrawlTest.app; sourceTree = BUILT_PRODUCTS_DIR; };
		1DF5F4DF0D08C38300B7A737 /* UIKit.framework */ = {isa = PBXFileReference; lastKnownFileType = wrapper.framework; name = UIKit.framework; path = System/Library/Frameworks/UIKit.framework; sourceTree = SDKROOT; };
		1F8B60400F9F75E700FEB745 /* DisclosureDetail.xib */ = {isa = PBXFileReference; lastKnownFileType = file.xib; path = DisclosureDetail.xib; sourceTree = "<group>"; };
		1F8B61070F9F8DF900FEB745 /* button_up.png */ = {isa = PBXFileReference; lastKnownFileType = image.png; path = button_up.png; sourceTree = "<group>"; };
		288765FC0DF74451002DB57D /* CoreGraphics.framework */ = {isa = PBXFileReference; lastKnownFileType = wrapper.framework; name = CoreGraphics.framework; path = System/Library/Frameworks/CoreGraphics.framework; sourceTree = SDKROOT; };
		28AD733E0D9D9553002E5188 /* MainWindow.xib */ = {isa = PBXFileReference; lastKnownFileType = file.xib; path = MainWindow.xib; sourceTree = "<group>"; };
		29B97316FDCFA39411CA2CEA /* main.m */ = {isa = PBXFileReference; fileEncoding = 4; lastKnownFileType = sourcecode.c.objc; path = main.m; sourceTree = "<group>"; };
		32CA4F630368D1EE00C91783 /* iCrawlTest_Prefix.pch */ = {isa = PBXFileReference; fileEncoding = 4; lastKnownFileType = sourcecode.c.h; path = iCrawlTest_Prefix.pch; sourceTree = "<group>"; };
		8D1107310486CEB800E47090 /* iCrawlTest-Info.plist */ = {isa = PBXFileReference; fileEncoding = 4; lastKnownFileType = text.plist.xml; path = "iCrawlTest-Info.plist"; plistStructureDefinitionIdentifier = "com.apple.xcode.plist.structure-definition.iphone.info-plist"; sourceTree = "<group>"; };
		F904CBBE1628939F006334EB /* Entitlements.plist */ = {isa = PBXFileReference; fileEncoding = 4; lastKnownFileType = text.plist.xml; path = Entitlements.plist; sourceTree = "<group>"; };
		F9055BE21558306C0015B768 /* XMLWriter.h */ = {isa = PBXFileReference; fileEncoding = 4; lastKnownFileType = sourcecode.c.h; path = XMLWriter.h; sourceTree = "<group>"; };
		F9055BE31558306C0015B768 /* XMLWriter.m */ = {isa = PBXFileReference; fileEncoding = 4; lastKnownFileType = sourcecode.c.objc; path = XMLWriter.m; sourceTree = "<group>"; };
		F9055D4615587F090015B768 /* DCIntrospect.h */ = {isa = PBXFileReference; fileEncoding = 4; lastKnownFileType = sourcecode.c.h; path = DCIntrospect.h; sourceTree = "<group>"; };
		F9055D4715587F090015B768 /* DCIntrospect.m */ = {isa = PBXFileReference; fileEncoding = 4; lastKnownFileType = sourcecode.c.objc; path = DCIntrospect.m; sourceTree = "<group>"; };
		F937C141153106190056812B /* State.h */ = {isa = PBXFileReference; fileEncoding = 4; lastKnownFileType = sourcecode.c.h; path = State.h; sourceTree = "<group>"; };
		F937C142153106190056812B /* State.m */ = {isa = PBXFileReference; fileEncoding = 4; lastKnownFileType = sourcecode.c.objc; path = State.m; sourceTree = "<group>"; };
		F937C195153117660056812B /* Globals.h */ = {isa = PBXFileReference; fileEncoding = 4; lastKnownFileType = sourcecode.c.h; path = Globals.h; sourceTree = "<group>"; };
		F937C196153117660056812B /* Globals.m */ = {isa = PBXFileReference; fileEncoding = 4; lastKnownFileType = sourcecode.c.objc; path = Globals.m; sourceTree = "<group>"; };
		F94236E5153C904A0031BBDC /* ICrawlTestController.h */ = {isa = PBXFileReference; fileEncoding = 4; lastKnownFileType = sourcecode.c.h; path = ICrawlTestController.h; sourceTree = "<group>"; };
		F94236E6153C904A0031BBDC /* ICrawlTestController.m */ = {isa = PBXFileReference; fileEncoding = 4; lastKnownFileType = sourcecode.c.objc; path = ICrawlTestController.m; sourceTree = "<group>"; };
		F942372A153CA7E60031BBDC /* UIElement.h */ = {isa = PBXFileReference; fileEncoding = 4; lastKnownFileType = sourcecode.c.h; path = UIElement.h; sourceTree = "<group>"; };
		F942372B153CA7E60031BBDC /* UIElement.m */ = {isa = PBXFileReference; fileEncoding = 4; lastKnownFileType = sourcecode.c.objc; path = UIElement.m; sourceTree = "<group>"; };
		F96DF650154087940011D417 /* UIViewController+Additions.h */ = {isa = PBXFileReference; fileEncoding = 4; lastKnownFileType = sourcecode.c.h; path = "UIViewController+Additions.h"; sourceTree = "<group>"; };
		F96DF651154087940011D417 /* UIViewController+Additions.m */ = {isa = PBXFileReference; fileEncoding = 4; lastKnownFileType = sourcecode.c.objc; path = "UIViewController+Additions.m"; sourceTree = "<group>"; };
		F97594F7151A4D0600CD6BF6 /* NavigationTestAppRootViewController.h */ = {isa = PBXFileReference; fileEncoding = 4; lastKnownFileType = sourcecode.c.h; path = NavigationTestAppRootViewController.h; sourceTree = "<group>"; };
		F97594F8151A4D0600CD6BF6 /* NavigationTestAppRootViewController.m */ = {isa = PBXFileReference; fileEncoding = 4; lastKnownFileType = sourcecode.c.objc; path = NavigationTestAppRootViewController.m; sourceTree = "<group>"; };
		F97594F9151A4D0600CD6BF6 /* NavigationTestAppRootViewController.xib */ = {isa = PBXFileReference; lastKnownFileType = file.xib; path = NavigationTestAppRootViewController.xib; sourceTree = "<group>"; };
		F97F2DB4152A7B2C0019C121 /* iCrawlTest.app */ = {isa = PBXFileReference; explicitFileType = wrapper.application; includeInIndex = 0; path = iCrawlTest.app; sourceTree = BUILT_PRODUCTS_DIR; };
		F9A163A01516666E00CDF05C /* QuartzCore.framework */ = {isa = PBXFileReference; lastKnownFileType = wrapper.framework; name = QuartzCore.framework; path = System/Library/Frameworks/QuartzCore.framework; sourceTree = SDKROOT; };
		F9A90921152539C700FB1FE0 /* DynamicViewController.h */ = {isa = PBXFileReference; fileEncoding = 4; lastKnownFileType = sourcecode.c.h; path = DynamicViewController.h; sourceTree = "<group>"; };
		F9A90922152539C700FB1FE0 /* DynamicViewController.m */ = {isa = PBXFileReference; fileEncoding = 4; lastKnownFileType = sourcecode.c.objc; path = DynamicViewController.m; sourceTree = "<group>"; };
		F9A90923152539C700FB1FE0 /* DynamicViewController.xib */ = {isa = PBXFileReference; lastKnownFileType = file.xib; path = DynamicViewController.xib; sourceTree = "<group>"; };
		F9A9D4B6151A6AC8002E0BBD /* WebViewController.h */ = {isa = PBXFileReference; fileEncoding = 4; lastKnownFileType = sourcecode.c.h; path = WebViewController.h; sourceTree = "<group>"; };
		F9A9D4B7151A6AC8002E0BBD /* WebViewController.m */ = {isa = PBXFileReference; fileEncoding = 4; lastKnownFileType = sourcecode.c.objc; path = WebViewController.m; sourceTree = "<group>"; };
		F9A9D4B8151A6AC8002E0BBD /* WebViewController.xib */ = {isa = PBXFileReference; lastKnownFileType = file.xib; path = WebViewController.xib; sourceTree = "<group>"; };
		F9A9D4BC151A6AF9002E0BBD /* HTMLPageViewController.h */ = {isa = PBXFileReference; fileEncoding = 4; lastKnownFileType = sourcecode.c.h; path = HTMLPageViewController.h; sourceTree = "<group>"; };
		F9A9D4BD151A6AF9002E0BBD /* HTMLPageViewController.m */ = {isa = PBXFileReference; fileEncoding = 4; lastKnownFileType = sourcecode.c.objc; path = HTMLPageViewController.m; sourceTree = "<group>"; };
		F9A9D4BE151A6AF9002E0BBD /* HTMLPageViewController.xib */ = {isa = PBXFileReference; lastKnownFileType = file.xib; path = HTMLPageViewController.xib; sourceTree = "<group>"; };
		F9A9D4C8151A6B62002E0BBD /* DetailsViewController1.h */ = {isa = PBXFileReference; fileEncoding = 4; lastKnownFileType = sourcecode.c.h; path = DetailsViewController1.h; sourceTree = "<group>"; };
		F9A9D4C9151A6B62002E0BBD /* DetailsViewController1.m */ = {isa = PBXFileReference; fileEncoding = 4; lastKnownFileType = sourcecode.c.objc; path = DetailsViewController1.m; sourceTree = "<group>"; };
		F9A9D4CA151A6B62002E0BBD /* DetailsViewController1.xib */ = {isa = PBXFileReference; lastKnownFileType = file.xib; path = DetailsViewController1.xib; sourceTree = "<group>"; };
		F9A9D4CB151A6B62002E0BBD /* ListingViewController1.h */ = {isa = PBXFileReference; fileEncoding = 4; lastKnownFileType = sourcecode.c.h; path = ListingViewController1.h; sourceTree = "<group>"; };
		F9A9D4CC151A6B62002E0BBD /* ListingViewController1.m */ = {isa = PBXFileReference; fileEncoding = 4; lastKnownFileType = sourcecode.c.objc; path = ListingViewController1.m; sourceTree = "<group>"; };
		F9A9D4CD151A6B62002E0BBD /* ListingViewController1.xib */ = {isa = PBXFileReference; lastKnownFileType = file.xib; path = ListingViewController1.xib; sourceTree = "<group>"; };
		F9A9D4D7151A6EF6002E0BBD /* SharedViewController.h */ = {isa = PBXFileReference; fileEncoding = 4; lastKnownFileType = sourcecode.c.h; path = SharedViewController.h; sourceTree = "<group>"; };
		F9A9D4D8151A6EF6002E0BBD /* SharedViewController.m */ = {isa = PBXFileReference; fileEncoding = 4; lastKnownFileType = sourcecode.c.objc; path = SharedViewController.m; sourceTree = "<group>"; };
		F9A9D5F8151A94A5002E0BBD /* ListingTableViewCell.h */ = {isa = PBXFileReference; fileEncoding = 4; lastKnownFileType = sourcecode.c.h; path = ListingTableViewCell.h; sourceTree = "<group>"; };
		F9A9D5F9151A94A5002E0BBD /* ListingTableViewCell.m */ = {isa = PBXFileReference; fileEncoding = 4; lastKnownFileType = sourcecode.c.objc; path = ListingTableViewCell.m; sourceTree = "<group>"; };
		F9A9D5FA151A94A5002E0BBD /* ListingTableViewCell.xib */ = {isa = PBXFileReference; lastKnownFileType = file.xib; path = ListingTableViewCell.xib; sourceTree = "<group>"; };
		F9A9D619151A9900002E0BBD /* MessageUI.framework */ = {isa = PBXFileReference; lastKnownFileType = wrapper.framework; name = MessageUI.framework; path = System/Library/Frameworks/MessageUI.framework; sourceTree = SDKROOT; };
		F9A9D64B151A9BCB002E0BBD /* button_back.png */ = {isa = PBXFileReference; lastKnownFileType = image.png; path = button_back.png; sourceTree = "<group>"; };
		F9B4AB6D15A028330003D61E /* ICConstants.h */ = {isa = PBXFileReference; fileEncoding = 4; lastKnownFileType = sourcecode.c.h; path = ICConstants.h; sourceTree = "<group>"; };
		F9B8FD97154DDCAA0016FE93 /* button_close.png */ = {isa = PBXFileReference; lastKnownFileType = image.png; path = button_close.png; sourceTree = "<group>"; };
		F9DF2045155088D40020EF24 /* UIView-KIFAdditions.h */ = {isa = PBXFileReference; fileEncoding = 4; lastKnownFileType = sourcecode.c.h; path = "UIView-KIFAdditions.h"; sourceTree = "<group>"; };
		F9DF2046155088D40020EF24 /* UIView-KIFAdditions.m */ = {isa = PBXFileReference; fileEncoding = 4; lastKnownFileType = sourcecode.c.objc; path = "UIView-KIFAdditions.m"; sourceTree = "<group>"; };
		F9DF204B1550891F0020EF24 /* CGGeometry-KIFAdditions.h */ = {isa = PBXFileReference; fileEncoding = 4; lastKnownFileType = sourcecode.c.h; path = "CGGeometry-KIFAdditions.h"; sourceTree = "<group>"; };
		F9DF204C1550891F0020EF24 /* CGGeometry-KIFAdditions.m */ = {isa = PBXFileReference; fileEncoding = 4; lastKnownFileType = sourcecode.c.objc; path = "CGGeometry-KIFAdditions.m"; sourceTree = "<group>"; };
		F9DF206A155089E30020EF24 /* UITouch-KIFAdditions.h */ = {isa = PBXFileReference; fileEncoding = 4; lastKnownFileType = sourcecode.c.h; path = "UITouch-KIFAdditions.h"; sourceTree = "<group>"; };
		F9DF206B155089E30020EF24 /* UITouch-KIFAdditions.m */ = {isa = PBXFileReference; fileEncoding = 4; lastKnownFileType = sourcecode.c.objc; path = "UITouch-KIFAdditions.m"; sourceTree = "<group>"; };
		F9DF20F415508FAB0020EF24 /* IntegrationTests-Info.plist */ = {isa = PBXFileReference; fileEncoding = 4; lastKnownFileType = text.plist.xml; path = "IntegrationTests-Info.plist"; sourceTree = "<group>"; };
		F9E82460157D303F00C09A7B /* XMLNode.h */ = {isa = PBXFileReference; fileEncoding = 4; lastKnownFileType = sourcecode.c.h; path = XMLNode.h; sourceTree = "<group>"; };
		F9E82461157D303F00C09A7B /* XMLNode.m */ = {isa = PBXFileReference; fileEncoding = 4; lastKnownFileType = sourcecode.c.objc; path = XMLNode.m; sourceTree = "<group>"; };
		F9E82592157DA65400C09A7B /* TextViewViewController.h */ = {isa = PBXFileReference; fileEncoding = 4; lastKnownFileType = sourcecode.c.h; path = TextViewViewController.h; sourceTree = "<group>"; };
		F9E82593157DA65400C09A7B /* TextViewViewController.m */ = {isa = PBXFileReference; fileEncoding = 4; lastKnownFileType = sourcecode.c.objc; path = TextViewViewController.m; sourceTree = "<group>"; };
		F9E82594157DA65400C09A7B /* TextViewViewController.xib */ = {isa = PBXFileReference; lastKnownFileType = file.xib; path = TextViewViewController.xib; sourceTree = "<group>"; };
		F9E8263F157DAD2700C09A7B /* button_done.png */ = {isa = PBXFileReference; lastKnownFileType = image.png; path = button_done.png; sourceTree = "<group>"; };
		F9E826F5157E712E00C09A7B /* KIFTestStep.h */ = {isa = PBXFileReference; fileEncoding = 4; lastKnownFileType = sourcecode.c.h; path = KIFTestStep.h; sourceTree = "<group>"; };
		F9E826F6157E712E00C09A7B /* KIFTestStep.m */ = {isa = PBXFileReference; fileEncoding = 4; lastKnownFileType = sourcecode.c.objc; path = KIFTestStep.m; sourceTree = "<group>"; };
		F9E82723157E747800C09A7B /* UIApplication-KIFAdditions.h */ = {isa = PBXFileReference; fileEncoding = 4; lastKnownFileType = sourcecode.c.h; path = "UIApplication-KIFAdditions.h"; sourceTree = "<group>"; };
		F9E82724157E747800C09A7B /* UIApplication-KIFAdditions.m */ = {isa = PBXFileReference; fileEncoding = 4; lastKnownFileType = sourcecode.c.objc; path = "UIApplication-KIFAdditions.m"; sourceTree = "<group>"; };
		F9E8297B157EB17300C09A7B /* Icon.png */ = {isa = PBXFileReference; lastKnownFileType = image.png; path = Icon.png; sourceTree = "<group>"; };
/* End PBXFileReference section */

/* Begin PBXFrameworksBuildPhase section */
		1D60588F0D05DD3D006BFB54 /* Frameworks */ = {
			isa = PBXFrameworksBuildPhase;
			buildActionMask = 2147483647;
			files = (
				1D60589F0D05DD5A006BFB54 /* Foundation.framework in Frameworks */,
				1DF5F4E00D08C38300B7A737 /* UIKit.framework in Frameworks */,
				288765FD0DF74451002DB57D /* CoreGraphics.framework in Frameworks */,
				F9A163A11516666E00CDF05C /* QuartzCore.framework in Frameworks */,
				F9A9D61A151A9900002E0BBD /* MessageUI.framework in Frameworks */,
			);
			runOnlyForDeploymentPostprocessing = 0;
		};
		F97F2DAA152A7B2C0019C121 /* Frameworks */ = {
			isa = PBXFrameworksBuildPhase;
			buildActionMask = 2147483647;
			files = (
				F97F2DAB152A7B2C0019C121 /* Foundation.framework in Frameworks */,
				F97F2DAC152A7B2C0019C121 /* UIKit.framework in Frameworks */,
				F97F2DAD152A7B2C0019C121 /* CoreGraphics.framework in Frameworks */,
				F97F2DAE152A7B2C0019C121 /* QuartzCore.framework in Frameworks */,
				F97F2DAF152A7B2C0019C121 /* MessageUI.framework in Frameworks */,
			);
			runOnlyForDeploymentPostprocessing = 0;
		};
/* End PBXFrameworksBuildPhase section */

/* Begin PBXGroup section */
		19C28FACFE9D520D11CA2CBB /* Products */ = {
			isa = PBXGroup;
			children = (
				1D6058910D05DD3D006BFB54 /* iCrawlTest.app */,
				F97F2DB4152A7B2C0019C121 /* iCrawlTest.app */,
			);
			name = Products;
			sourceTree = "<group>";
		};
		1F8B605D0F9F7BBB00FEB745 /* Images */ = {
			isa = PBXGroup;
			children = (
				F9E8297B157EB17300C09A7B /* Icon.png */,
				F9E8263F157DAD2700C09A7B /* button_done.png */,
				F9B8FD97154DDCAA0016FE93 /* button_close.png */,
				F9A9D64B151A9BCB002E0BBD /* button_back.png */,
				1F8B61070F9F8DF900FEB745 /* button_up.png */,
			);
			path = Images;
			sourceTree = "<group>";
		};
		29B97314FDCFA39411CA2CEA /* CustomTemplate */ = {
			isa = PBXGroup;
			children = (
				F9EE34ED150564820043D33C /* Libraries */,
				F97594D2151A4BDC00CD6BF6 /* Classes */,
				29B97315FDCFA39411CA2CEA /* Other Sources */,
				29B97317FDCFA39411CA2CEA /* Resources */,
				29B97323FDCFA39411CA2CEA /* Frameworks */,
				19C28FACFE9D520D11CA2CBB /* Products */,
			);
			name = CustomTemplate;
			sourceTree = "<group>";
		};
		29B97315FDCFA39411CA2CEA /* Other Sources */ = {
			isa = PBXGroup;
			children = (
				32CA4F630368D1EE00C91783 /* iCrawlTest_Prefix.pch */,
				29B97316FDCFA39411CA2CEA /* main.m */,
			);
			name = "Other Sources";
			sourceTree = "<group>";
		};
		29B97317FDCFA39411CA2CEA /* Resources */ = {
			isa = PBXGroup;
			children = (
				1F8B605D0F9F7BBB00FEB745 /* Images */,
				F904CBBE1628939F006334EB /* Entitlements.plist */,
				28AD733E0D9D9553002E5188 /* MainWindow.xib */,
				8D1107310486CEB800E47090 /* iCrawlTest-Info.plist */,
				F9DF20F415508FAB0020EF24 /* IntegrationTests-Info.plist */,
				1F8B60400F9F75E700FEB745 /* DisclosureDetail.xib */,
			);
			name = Resources;
			sourceTree = "<group>";
		};
		29B97323FDCFA39411CA2CEA /* Frameworks */ = {
			isa = PBXGroup;
			children = (
				F9A163A01516666E00CDF05C /* QuartzCore.framework */,
				1DF5F4DF0D08C38300B7A737 /* UIKit.framework */,
				1D30AB110D05D00D00671497 /* Foundation.framework */,
				288765FC0DF74451002DB57D /* CoreGraphics.framework */,
				F9A9D619151A9900002E0BBD /* MessageUI.framework */,
			);
			name = Frameworks;
			sourceTree = "<group>";
		};
		F9055BDE1558305B0015B768 /* XSWI */ = {
			isa = PBXGroup;
			children = (
				F9055BE21558306C0015B768 /* XMLWriter.h */,
				F9055BE31558306C0015B768 /* XMLWriter.m */,
			);
			name = XSWI;
			sourceTree = "<group>";
		};
		F9055D4415587EC60015B768 /* DCIntrospect-Modified */ = {
			isa = PBXGroup;
			children = (
				F9055D4615587F090015B768 /* DCIntrospect.h */,
				F9055D4715587F090015B768 /* DCIntrospect.m */,
			);
			name = "DCIntrospect-Modified";
			sourceTree = "<group>";
		};
		F937C140153105F00056812B /* SharedObject */ = {
			isa = PBXGroup;
			children = (
				F9B4AB6D15A028330003D61E /* ICConstants.h */,
				F937C195153117660056812B /* Globals.h */,
				F937C196153117660056812B /* Globals.m */,
				F937C141153106190056812B /* State.h */,
				F937C142153106190056812B /* State.m */,
				F942372A153CA7E60031BBDC /* UIElement.h */,
				F942372B153CA7E60031BBDC /* UIElement.m */,
				F9E82460157D303F00C09A7B /* XMLNode.h */,
				F9E82461157D303F00C09A7B /* XMLNode.m */,
			);
			name = SharedObject;
			sourceTree = "<group>";
		};
		F94236C5153C8F220031BBDC /* iCrawl */ = {
			isa = PBXGroup;
			children = (
				F9055D4415587EC60015B768 /* DCIntrospect-Modified */,
				F9DF209915508B150020EF24 /* KIF-Modified */,
				F9055BDE1558305B0015B768 /* XSWI */,
				F937C140153105F00056812B /* SharedObject */,
				F96DF650154087940011D417 /* UIViewController+Additions.h */,
				F96DF651154087940011D417 /* UIViewController+Additions.m */,
				F94236E5153C904A0031BBDC /* ICrawlTestController.h */,
				F94236E6153C904A0031BBDC /* ICrawlTestController.m */,
			);
			name = iCrawl;
			sourceTree = "<group>";
		};
		F97594D2151A4BDC00CD6BF6 /* Classes */ = {
			isa = PBXGroup;
			children = (
				F9A9D4D6151A6E8C002E0BBD /* Shared */,
				F9A9D4B4151A6A9E002E0BBD /* ViewControllers */,
				F97594F7151A4D0600CD6BF6 /* NavigationTestAppRootViewController.h */,
				F97594F8151A4D0600CD6BF6 /* NavigationTestAppRootViewController.m */,
				F97594F9151A4D0600CD6BF6 /* NavigationTestAppRootViewController.xib */,
				1D3623240D0F684500981E51 /* NavAppDelegate.h */,
				1D3623250D0F684500981E51 /* NavAppDelegate.m */,
			);
			name = Classes;
			sourceTree = "<group>";
		};
		F9A909181525396D00FB1FE0 /* DynamicViewController */ = {
			isa = PBXGroup;
			children = (
				F9A90921152539C700FB1FE0 /* DynamicViewController.h */,
				F9A90922152539C700FB1FE0 /* DynamicViewController.m */,
				F9A90923152539C700FB1FE0 /* DynamicViewController.xib */,
			);
			name = DynamicViewController;
			sourceTree = "<group>";
		};
		F9A9D4B4151A6A9E002E0BBD /* ViewControllers */ = {
			isa = PBXGroup;
			children = (
				F9E82588157DA2DC00C09A7B /* TextViewViewController */,
				F9A909181525396D00FB1FE0 /* DynamicViewController */,
				F9A9D4C2151A6B2E002E0BBD /* DetailsViewController */,
				F9A9D4C1151A6B17002E0BBD /* ListingViewController */,
				F9A9D4BB151A6ACD002E0BBD /* HTMLPageViewController */,
				F9A9D4B5151A6AAB002E0BBD /* WebViewController */,
			);
			name = ViewControllers;
			sourceTree = "<group>";
		};
		F9A9D4B5151A6AAB002E0BBD /* WebViewController */ = {
			isa = PBXGroup;
			children = (
				F9A9D4B6151A6AC8002E0BBD /* WebViewController.h */,
				F9A9D4B7151A6AC8002E0BBD /* WebViewController.m */,
				F9A9D4B8151A6AC8002E0BBD /* WebViewController.xib */,
			);
			name = WebViewController;
			sourceTree = "<group>";
		};
		F9A9D4BB151A6ACD002E0BBD /* HTMLPageViewController */ = {
			isa = PBXGroup;
			children = (
				F9A9D4BC151A6AF9002E0BBD /* HTMLPageViewController.h */,
				F9A9D4BD151A6AF9002E0BBD /* HTMLPageViewController.m */,
				F9A9D4BE151A6AF9002E0BBD /* HTMLPageViewController.xib */,
			);
			name = HTMLPageViewController;
			sourceTree = "<group>";
		};
		F9A9D4C1151A6B17002E0BBD /* ListingViewController */ = {
			isa = PBXGroup;
			children = (
				F9A9D4CB151A6B62002E0BBD /* ListingViewController1.h */,
				F9A9D4CC151A6B62002E0BBD /* ListingViewController1.m */,
				F9A9D4CD151A6B62002E0BBD /* ListingViewController1.xib */,
			);
			name = ListingViewController;
			sourceTree = "<group>";
		};
		F9A9D4C2151A6B2E002E0BBD /* DetailsViewController */ = {
			isa = PBXGroup;
			children = (
				F9A9D4C8151A6B62002E0BBD /* DetailsViewController1.h */,
				F9A9D4C9151A6B62002E0BBD /* DetailsViewController1.m */,
				F9A9D4CA151A6B62002E0BBD /* DetailsViewController1.xib */,
			);
			name = DetailsViewController;
			sourceTree = "<group>";
		};
		F9A9D4D6151A6E8C002E0BBD /* Shared */ = {
			isa = PBXGroup;
			children = (
				F9A9D5F8151A94A5002E0BBD /* ListingTableViewCell.h */,
				F9A9D5F9151A94A5002E0BBD /* ListingTableViewCell.m */,
				F9A9D5FA151A94A5002E0BBD /* ListingTableViewCell.xib */,
				F9A9D4D7151A6EF6002E0BBD /* SharedViewController.h */,
				F9A9D4D8151A6EF6002E0BBD /* SharedViewController.m */,
			);
			name = Shared;
			sourceTree = "<group>";
		};
		F9DF209915508B150020EF24 /* KIF-Modified */ = {
			isa = PBXGroup;
			children = (
				F9E82723157E747800C09A7B /* UIApplication-KIFAdditions.h */,
				F9E82724157E747800C09A7B /* UIApplication-KIFAdditions.m */,
				F9E826F5157E712E00C09A7B /* KIFTestStep.h */,
				F9E826F6157E712E00C09A7B /* KIFTestStep.m */,
				F9DF206A155089E30020EF24 /* UITouch-KIFAdditions.h */,
				F9DF206B155089E30020EF24 /* UITouch-KIFAdditions.m */,
				F9DF204B1550891F0020EF24 /* CGGeometry-KIFAdditions.h */,
				F9DF204C1550891F0020EF24 /* CGGeometry-KIFAdditions.m */,
				F9DF2045155088D40020EF24 /* UIView-KIFAdditions.h */,
				F9DF2046155088D40020EF24 /* UIView-KIFAdditions.m */,
			);
			name = "KIF-Modified";
			sourceTree = "<group>";
		};
		F9E82588157DA2DC00C09A7B /* TextViewViewController */ = {
			isa = PBXGroup;
			children = (
				F9E82592157DA65400C09A7B /* TextViewViewController.h */,
				F9E82593157DA65400C09A7B /* TextViewViewController.m */,
				F9E82594157DA65400C09A7B /* TextViewViewController.xib */,
			);
			name = TextViewViewController;
			sourceTree = "<group>";
		};
		F9EE34ED150564820043D33C /* Libraries */ = {
			isa = PBXGroup;
			children = (
				F94236C5153C8F220031BBDC /* iCrawl */,
			);
			name = Libraries;
			sourceTree = "<group>";
		};
/* End PBXGroup section */

/* Begin PBXNativeTarget section */
		1D6058900D05DD3D006BFB54 /* iCrawlTest */ = {
			isa = PBXNativeTarget;
			buildConfigurationList = 1D6058960D05DD3E006BFB54 /* Build configuration list for PBXNativeTarget "iCrawlTest" */;
			buildPhases = (
				1D60588D0D05DD3D006BFB54 /* Resources */,
				1D60588E0D05DD3D006BFB54 /* Sources */,
				1D60588F0D05DD3D006BFB54 /* Frameworks */,
			);
			buildRules = (
			);
			dependencies = (
			);
			name = iCrawlTest;
			productName = Nav;
			productReference = 1D6058910D05DD3D006BFB54 /* iCrawlTest.app */;
			productType = "com.apple.product-type.application";
		};
		F97F2D76152A7B2C0019C121 /* Integration Tests */ = {
			isa = PBXNativeTarget;
			buildConfigurationList = F97F2DB1152A7B2C0019C121 /* Build configuration list for PBXNativeTarget "Integration Tests" */;
			buildPhases = (
				F97F2D77152A7B2C0019C121 /* Resources */,
				F97F2D8D152A7B2C0019C121 /* Sources */,
				F97F2DAA152A7B2C0019C121 /* Frameworks */,
			);
			buildRules = (
			);
			dependencies = (
			);
			name = "Integration Tests";
			productName = Nav;
			productReference = F97F2DB4152A7B2C0019C121 /* iCrawlTest.app */;
			productType = "com.apple.product-type.application";
		};
/* End PBXNativeTarget section */

/* Begin PBXProject section */
		29B97313FDCFA39411CA2CEA /* Project object */ = {
			isa = PBXProject;
			buildConfigurationList = C01FCF4E08A954540054247B /* Build configuration list for PBXProject "iCrawlTest" */;
			compatibilityVersion = "Xcode 3.1";
			developmentRegion = English;
			hasScannedForEncodings = 1;
			knownRegions = (
				English,
				Japanese,
				French,
				German,
			);
			mainGroup = 29B97314FDCFA39411CA2CEA /* CustomTemplate */;
			projectDirPath = "";
			projectRoot = "";
			targets = (
				1D6058900D05DD3D006BFB54 /* iCrawlTest */,
				F97F2D76152A7B2C0019C121 /* Integration Tests */,
			);
		};
/* End PBXProject section */

/* Begin PBXResourcesBuildPhase section */
		1D60588D0D05DD3D006BFB54 /* Resources */ = {
			isa = PBXResourcesBuildPhase;
			buildActionMask = 2147483647;
			files = (
				28AD733F0D9D9553002E5188 /* MainWindow.xib in Resources */,
				1F8B60410F9F75E700FEB745 /* DisclosureDetail.xib in Resources */,
				1F8B61090F9F8DF900FEB745 /* button_up.png in Resources */,
				F97594FB151A4D0600CD6BF6 /* NavigationTestAppRootViewController.xib in Resources */,
				F9A9D4BA151A6AC8002E0BBD /* WebViewController.xib in Resources */,
				F9A9D4C0151A6AF9002E0BBD /* HTMLPageViewController.xib in Resources */,
				F9A9D4CF151A6B62002E0BBD /* DetailsViewController1.xib in Resources */,
				F9A9D4D1151A6B62002E0BBD /* ListingViewController1.xib in Resources */,
				F9A9D5FC151A94A5002E0BBD /* ListingTableViewCell.xib in Resources */,
				F9A9D64D151A9BCB002E0BBD /* button_back.png in Resources */,
				F9A90925152539C700FB1FE0 /* DynamicViewController.xib in Resources */,
				F9B8FD98154DDCAA0016FE93 /* button_close.png in Resources */,
				F9DF20F515508FAB0020EF24 /* IntegrationTests-Info.plist in Resources */,
				F9E82596157DA65400C09A7B /* TextViewViewController.xib in Resources */,
				F9E82640157DAD2700C09A7B /* button_done.png in Resources */,
				F9E82981157EB17300C09A7B /* Icon.png in Resources */,
				F904CBBF1628939F006334EB /* Entitlements.plist in Resources */,
			);
			runOnlyForDeploymentPostprocessing = 0;
		};
		F97F2D77152A7B2C0019C121 /* Resources */ = {
			isa = PBXResourcesBuildPhase;
			buildActionMask = 2147483647;
			files = (
				F97F2D78152A7B2C0019C121 /* MainWindow.xib in Resources */,
				F97F2D7A152A7B2C0019C121 /* DisclosureDetail.xib in Resources */,
				F97F2D82152A7B2C0019C121 /* button_up.png in Resources */,
				F97F2D85152A7B2C0019C121 /* NavigationTestAppRootViewController.xib in Resources */,
				F97F2D86152A7B2C0019C121 /* WebViewController.xib in Resources */,
				F97F2D87152A7B2C0019C121 /* HTMLPageViewController.xib in Resources */,
				F97F2D88152A7B2C0019C121 /* DetailsViewController1.xib in Resources */,
				F97F2D89152A7B2C0019C121 /* ListingViewController1.xib in Resources */,
				F97F2D8A152A7B2C0019C121 /* ListingTableViewCell.xib in Resources */,
				F97F2D8B152A7B2C0019C121 /* button_back.png in Resources */,
				F97F2D8C152A7B2C0019C121 /* DynamicViewController.xib in Resources */,
				F9B8FD99154DDCAA0016FE93 /* button_close.png in Resources */,
				F9E82598157DA65400C09A7B /* TextViewViewController.xib in Resources */,
				F9E82641157DAD2700C09A7B /* button_done.png in Resources */,
				F9E82987157EB17300C09A7B /* Icon.png in Resources */,
			);
			runOnlyForDeploymentPostprocessing = 0;
		};
/* End PBXResourcesBuildPhase section */

/* Begin PBXSourcesBuildPhase section */
		1D60588E0D05DD3D006BFB54 /* Sources */ = {
			isa = PBXSourcesBuildPhase;
			buildActionMask = 2147483647;
			files = (
				1D60589B0D05DD56006BFB54 /* main.m in Sources */,
				1D3623260D0F684500981E51 /* NavAppDelegate.m in Sources */,
				F97594FA151A4D0600CD6BF6 /* NavigationTestAppRootViewController.m in Sources */,
				F9A9D4B9151A6AC8002E0BBD /* WebViewController.m in Sources */,
				F9A9D4BF151A6AF9002E0BBD /* HTMLPageViewController.m in Sources */,
				F9A9D4CE151A6B62002E0BBD /* DetailsViewController1.m in Sources */,
				F9A9D4D0151A6B62002E0BBD /* ListingViewController1.m in Sources */,
				F9A9D4D9151A6EF6002E0BBD /* SharedViewController.m in Sources */,
				F9A9D5FB151A94A5002E0BBD /* ListingTableViewCell.m in Sources */,
				F9A90924152539C700FB1FE0 /* DynamicViewController.m in Sources */,
				F937C143153106190056812B /* State.m in Sources */,
				F937C197153117660056812B /* Globals.m in Sources */,
				F942372C153CA7E60031BBDC /* UIElement.m in Sources */,
				F96DF652154087940011D417 /* UIViewController+Additions.m in Sources */,
				F9DF2047155088D40020EF24 /* UIView-KIFAdditions.m in Sources */,
				F9DF204D1550891F0020EF24 /* CGGeometry-KIFAdditions.m in Sources */,
				F9DF206C155089E30020EF24 /* UITouch-KIFAdditions.m in Sources */,
				F9055BE41558306C0015B768 /* XMLWriter.m in Sources */,
				F9055D4815587F090015B768 /* DCIntrospect.m in Sources */,
				F9E717FF1565BDDD00F26EC5 /* ICrawlTestController.m in Sources */,
				F9E82462157D303F00C09A7B /* XMLNode.m in Sources */,
				F9E82595157DA65400C09A7B /* TextViewViewController.m in Sources */,
				F9E826F7157E712E00C09A7B /* KIFTestStep.m in Sources */,
				F9E82725157E747800C09A7B /* UIApplication-KIFAdditions.m in Sources */,
			);
			runOnlyForDeploymentPostprocessing = 0;
		};
		F97F2D8D152A7B2C0019C121 /* Sources */ = {
			isa = PBXSourcesBuildPhase;
			buildActionMask = 2147483647;
			files = (
				F97F2D8E152A7B2C0019C121 /* main.m in Sources */,
				F97F2D8F152A7B2C0019C121 /* NavAppDelegate.m in Sources */,
				F97F2D9F152A7B2C0019C121 /* NavigationTestAppRootViewController.m in Sources */,
				F97F2DA0152A7B2C0019C121 /* WebViewController.m in Sources */,
				F97F2DA1152A7B2C0019C121 /* HTMLPageViewController.m in Sources */,
				F97F2DA2152A7B2C0019C121 /* DetailsViewController1.m in Sources */,
				F97F2DA3152A7B2C0019C121 /* ListingViewController1.m in Sources */,
				F97F2DA4152A7B2C0019C121 /* SharedViewController.m in Sources */,
				F97F2DA5152A7B2C0019C121 /* ListingTableViewCell.m in Sources */,
				F97F2DA6152A7B2C0019C121 /* DynamicViewController.m in Sources */,
				F937C144153106190056812B /* State.m in Sources */,
				F937C198153117660056812B /* Globals.m in Sources */,
				F942372D153CA7E60031BBDC /* UIElement.m in Sources */,
				F96DF653154087940011D417 /* UIViewController+Additions.m in Sources */,
				F9DF2048155088D40020EF24 /* UIView-KIFAdditions.m in Sources */,
				F9DF204E1550891F0020EF24 /* CGGeometry-KIFAdditions.m in Sources */,
				F9DF206D155089E30020EF24 /* UITouch-KIFAdditions.m in Sources */,
				F9055BE51558306C0015B768 /* XMLWriter.m in Sources */,
				F9055D4915587F090015B768 /* DCIntrospect.m in Sources */,
				F9E82463157D303F00C09A7B /* XMLNode.m in Sources */,
				F9E82597157DA65400C09A7B /* TextViewViewController.m in Sources */,
				F9E826F8157E712E00C09A7B /* KIFTestStep.m in Sources */,
				F9E82726157E747800C09A7B /* UIApplication-KIFAdditions.m in Sources */,
			);
			runOnlyForDeploymentPostprocessing = 0;
		};
/* End PBXSourcesBuildPhase section */

/* Begin XCBuildConfiguration section */
		1D6058940D05DD3E006BFB54 /* Debug */ = {
			isa = XCBuildConfiguration;
			buildSettings = {
				ALWAYS_SEARCH_USER_PATHS = NO;
				COPY_PHASE_STRIP = NO;
				GCC_DYNAMIC_NO_PIC = NO;
				GCC_OPTIMIZATION_LEVEL = 0;
				GCC_PRECOMPILE_PREFIX_HEADER = YES;
				GCC_PREFIX_HEADER = iCrawlTest_Prefix.pch;
				GCC_PREPROCESSOR_DEFINITIONS = "RUN_ICRAWL_TEST=1";
				INFOPLIST_FILE = "iCrawlTest-Info.plist";
				LIBRARY_SEARCH_PATHS = "$(inherited)";
				PRODUCT_NAME = iCrawlTest;
			};
			name = Debug;
		};
		1D6058950D05DD3E006BFB54 /* Release */ = {
			isa = XCBuildConfiguration;
			buildSettings = {
				ALWAYS_SEARCH_USER_PATHS = NO;
				COPY_PHASE_STRIP = YES;
				GCC_PRECOMPILE_PREFIX_HEADER = YES;
				GCC_PREFIX_HEADER = iCrawlTest_Prefix.pch;
				INFOPLIST_FILE = "iCrawlTest-Info.plist";
				LIBRARY_SEARCH_PATHS = (
					"$(inherited)",
					"\"$(SRCROOT)/KIF/build/Debug-iphonesimulator\"",
				);
				PRODUCT_NAME = iCrawlTest;
			};
			name = Release;
		};
		C01FCF4F08A954540054247B /* Debug */ = {
			isa = XCBuildConfiguration;
			buildSettings = {
				ARCHS = "$(ARCHS_STANDARD_32_BIT)";
				CODE_SIGN_ENTITLEMENTS = Entitlements.plist;
				CODE_SIGN_IDENTITY = "iPhone Developer";
				"CODE_SIGN_IDENTITY[sdk=iphoneos*]" = "iPhone Developer";
				GCC_C_LANGUAGE_STANDARD = c99;
				GCC_PREPROCESSOR_DEFINITIONS = "DEBUG=1";
				GCC_VERSION = com.apple.compilers.llvm.clang.1_0;
				GCC_WARN_ABOUT_RETURN_TYPE = YES;
				GCC_WARN_UNUSED_VARIABLE = YES;
				HEADER_SEARCH_PATHS = "$(inherited)";
				ONLY_ACTIVE_ARCH = YES;
				OTHER_LDFLAGS = (
					"$(inherited)",
					"-all_load",
					"-ObjC",
				);
				PREBINDING = YES;
				PROVISIONING_PROFILE = "";
				SDKROOT = iphoneos;
			};
			name = Debug;
		};
		C01FCF5008A954540054247B /* Release */ = {
			isa = XCBuildConfiguration;
			buildSettings = {
				ARCHS = "$(ARCHS_STANDARD_32_BIT)";
				CODE_SIGN_ENTITLEMENTS = Entitlements.plist;
				CODE_SIGN_IDENTITY = "iPhone Developer";
				"CODE_SIGN_IDENTITY[sdk=iphoneos*]" = "iPhone Developer";
				GCC_C_LANGUAGE_STANDARD = c99;
				GCC_VERSION = com.apple.compilers.llvm.clang.1_0;
				GCC_WARN_ABOUT_RETURN_TYPE = YES;
				GCC_WARN_UNUSED_VARIABLE = YES;
				HEADER_SEARCH_PATHS = (
					"$(inherited)",
					"$(SRCROOT)/KIF/**",
				);
				ONLY_ACTIVE_ARCH = YES;
				OTHER_LDFLAGS = (
					"$(inherited)",
					"-all_load",
					"-ObjC",
				);
				PREBINDING = YES;
				PROVISIONING_PROFILE = "";
				SDKROOT = iphoneos;
			};
			name = Release;
		};
		F97F2DB2152A7B2C0019C121 /* Debug */ = {
			isa = XCBuildConfiguration;
			buildSettings = {
				ALWAYS_SEARCH_USER_PATHS = NO;
				COPY_PHASE_STRIP = NO;
				GCC_DYNAMIC_NO_PIC = NO;
				GCC_OPTIMIZATION_LEVEL = 0;
				GCC_PRECOMPILE_PREFIX_HEADER = YES;
				GCC_PREFIX_HEADER = iCrawlTest_Prefix.pch;
				HEADER_SEARCH_PATHS = "$(inherited)";
				INFOPLIST_FILE = "IntegrationTests-Info.plist";
				LIBRARY_SEARCH_PATHS = "$(inherited)";
				PRODUCT_NAME = iCrawlTest;
				USER_HEADER_SEARCH_PATHS = "";
			};
			name = Debug;
		};
		F97F2DB3152A7B2C0019C121 /* Release */ = {
			isa = XCBuildConfiguration;
			buildSettings = {
				ALWAYS_SEARCH_USER_PATHS = NO;
				COPY_PHASE_STRIP = YES;
				GCC_PRECOMPILE_PREFIX_HEADER = YES;
				GCC_PREFIX_HEADER = iCrawlTest_Prefix.pch;
				INFOPLIST_FILE = "iCrawlTest-Info copy.plist";
				LIBRARY_SEARCH_PATHS = (
					"$(inherited)",
					"\"$(SRCROOT)/KIF/build/Debug-iphonesimulator\"",
				);
				PRODUCT_NAME = iCrawlTest;
			};
			name = Release;
		};
/* End XCBuildConfiguration section */

/* Begin XCConfigurationList section */
		1D6058960D05DD3E006BFB54 /* Build configuration list for PBXNativeTarget "iCrawlTest" */ = {
			isa = XCConfigurationList;
			buildConfigurations = (
				1D6058940D05DD3E006BFB54 /* Debug */,
				1D6058950D05DD3E006BFB54 /* Release */,
			);
			defaultConfigurationIsVisible = 0;
			defaultConfigurationName = Release;
		};
		C01FCF4E08A954540054247B /* Build configuration list for PBXProject "iCrawlTest" */ = {
			isa = XCConfigurationList;
			buildConfigurations = (
				C01FCF4F08A954540054247B /* Debug */,
				C01FCF5008A954540054247B /* Release */,
			);
			defaultConfigurationIsVisible = 0;
			defaultConfigurationName = Release;
		};
		F97F2DB1152A7B2C0019C121 /* Build configuration list for PBXNativeTarget "Integration Tests" */ = {
			isa = XCConfigurationList;
			buildConfigurations = (
				F97F2DB2152A7B2C0019C121 /* Debug */,
				F97F2DB3152A7B2C0019C121 /* Release */,
			);
			defaultConfigurationIsVisible = 0;
			defaultConfigurationName = Release;
		};
/* End XCConfigurationList section */
	};
	rootObject = 29B97313FDCFA39411CA2CEA /* Project object */;
}
